// !$*UTF8*$!
{
	archiveVersion = 1;
	classes = {
	};
	objectVersion = 48;
	objects = {

/* Begin PBXBuildFile section */
		6149E13D202B77AB00AD77F9 /* AppDelegate.swift in Sources */ = {isa = PBXBuildFile; fileRef = 6149E13C202B77AB00AD77F9 /* AppDelegate.swift */; };
		6149E13F202B77AB00AD77F9 /* ViewController.swift in Sources */ = {isa = PBXBuildFile; fileRef = 6149E13E202B77AB00AD77F9 /* ViewController.swift */; };
		6149E142202B77AB00AD77F9 /* Main.storyboard in Resources */ = {isa = PBXBuildFile; fileRef = 6149E140202B77AB00AD77F9 /* Main.storyboard */; };
		6149E145202B77AB00AD77F9 /* Zap_Challenge.xcdatamodeld in Sources */ = {isa = PBXBuildFile; fileRef = 6149E143202B77AB00AD77F9 /* Zap_Challenge.xcdatamodeld */; };
		6149E147202B77AB00AD77F9 /* Assets.xcassets in Resources */ = {isa = PBXBuildFile; fileRef = 6149E146202B77AB00AD77F9 /* Assets.xcassets */; };
		6149E14A202B77AB00AD77F9 /* LaunchScreen.storyboard in Resources */ = {isa = PBXBuildFile; fileRef = 6149E148202B77AB00AD77F9 /* LaunchScreen.storyboard */; };
		6149E155202B77AC00AD77F9 /* Zap_ChallengeTests.swift in Sources */ = {isa = PBXBuildFile; fileRef = 6149E154202B77AC00AD77F9 /* Zap_ChallengeTests.swift */; };
		6149E160202B77AC00AD77F9 /* Zap_ChallengeUITests.swift in Sources */ = {isa = PBXBuildFile; fileRef = 6149E15F202B77AC00AD77F9 /* Zap_ChallengeUITests.swift */; };
/* End PBXBuildFile section */

/* Begin PBXContainerItemProxy section */
		6149E151202B77AC00AD77F9 /* PBXContainerItemProxy */ = {
			isa = PBXContainerItemProxy;
			containerPortal = 6149E131202B77AB00AD77F9 /* Project object */;
			proxyType = 1;
			remoteGlobalIDString = 6149E138202B77AB00AD77F9;
			remoteInfo = "Zap-Challenge";
		};
		6149E15C202B77AC00AD77F9 /* PBXContainerItemProxy */ = {
			isa = PBXContainerItemProxy;
			containerPortal = 6149E131202B77AB00AD77F9 /* Project object */;
			proxyType = 1;
			remoteGlobalIDString = 6149E138202B77AB00AD77F9;
			remoteInfo = "Zap-Challenge";
		};
/* End PBXContainerItemProxy section */

/* Begin PBXFileReference section */
		6149E139202B77AB00AD77F9 /* Zap-Challenge.app */ = {isa = PBXFileReference; explicitFileType = wrapper.application; includeInIndex = 0; path = "Zap-Challenge.app"; sourceTree = BUILT_PRODUCTS_DIR; };
		6149E13C202B77AB00AD77F9 /* AppDelegate.swift */ = {isa = PBXFileReference; lastKnownFileType = sourcecode.swift; path = AppDelegate.swift; sourceTree = "<group>"; };
		6149E13E202B77AB00AD77F9 /* ViewController.swift */ = {isa = PBXFileReference; lastKnownFileType = sourcecode.swift; path = ViewController.swift; sourceTree = "<group>"; };
		6149E141202B77AB00AD77F9 /* Base */ = {isa = PBXFileReference; lastKnownFileType = file.storyboard; name = Base; path = Base.lproj/Main.storyboard; sourceTree = "<group>"; };
		6149E144202B77AB00AD77F9 /* Zap_Challenge.xcdatamodel */ = {isa = PBXFileReference; lastKnownFileType = wrapper.xcdatamodel; path = Zap_Challenge.xcdatamodel; sourceTree = "<group>"; };
		6149E146202B77AB00AD77F9 /* Assets.xcassets */ = {isa = PBXFileReference; lastKnownFileType = folder.assetcatalog; path = Assets.xcassets; sourceTree = "<group>"; };
		6149E149202B77AB00AD77F9 /* Base */ = {isa = PBXFileReference; lastKnownFileType = file.storyboard; name = Base; path = Base.lproj/LaunchScreen.storyboard; sourceTree = "<group>"; };
		6149E14B202B77AB00AD77F9 /* Info.plist */ = {isa = PBXFileReference; lastKnownFileType = text.plist.xml; path = Info.plist; sourceTree = "<group>"; };
		6149E150202B77AC00AD77F9 /* Zap-ChallengeTests.xctest */ = {isa = PBXFileReference; explicitFileType = wrapper.cfbundle; includeInIndex = 0; path = "Zap-ChallengeTests.xctest"; sourceTree = BUILT_PRODUCTS_DIR; };
		6149E154202B77AC00AD77F9 /* Zap_ChallengeTests.swift */ = {isa = PBXFileReference; lastKnownFileType = sourcecode.swift; path = Zap_ChallengeTests.swift; sourceTree = "<group>"; };
		6149E156202B77AC00AD77F9 /* Info.plist */ = {isa = PBXFileReference; lastKnownFileType = text.plist.xml; path = Info.plist; sourceTree = "<group>"; };
		6149E15B202B77AC00AD77F9 /* Zap-ChallengeUITests.xctest */ = {isa = PBXFileReference; explicitFileType = wrapper.cfbundle; includeInIndex = 0; path = "Zap-ChallengeUITests.xctest"; sourceTree = BUILT_PRODUCTS_DIR; };
		6149E15F202B77AC00AD77F9 /* Zap_ChallengeUITests.swift */ = {isa = PBXFileReference; lastKnownFileType = sourcecode.swift; path = Zap_ChallengeUITests.swift; sourceTree = "<group>"; };
		6149E161202B77AC00AD77F9 /* Info.plist */ = {isa = PBXFileReference; lastKnownFileType = text.plist.xml; path = Info.plist; sourceTree = "<group>"; };
/* End PBXFileReference section */

/* Begin PBXFrameworksBuildPhase section */
		6149E136202B77AB00AD77F9 /* Frameworks */ = {
			isa = PBXFrameworksBuildPhase;
			buildActionMask = 2147483647;
			files = (
			);
			runOnlyForDeploymentPostprocessing = 0;
		};
		6149E14D202B77AC00AD77F9 /* Frameworks */ = {
			isa = PBXFrameworksBuildPhase;
			buildActionMask = 2147483647;
			files = (
			);
			runOnlyForDeploymentPostprocessing = 0;
		};
		6149E158202B77AC00AD77F9 /* Frameworks */ = {
			isa = PBXFrameworksBuildPhase;
			buildActionMask = 2147483647;
			files = (
			);
			runOnlyForDeploymentPostprocessing = 0;
		};
/* End PBXFrameworksBuildPhase section */

/* Begin PBXGroup section */
		6149E130202B77AB00AD77F9 = {
			isa = PBXGroup;
			children = (
				6149E13B202B77AB00AD77F9 /* Zap-Challenge */,
				6149E153202B77AC00AD77F9 /* Zap-ChallengeTests */,
				6149E15E202B77AC00AD77F9 /* Zap-ChallengeUITests */,
				6149E13A202B77AB00AD77F9 /* Products */,
			);
			sourceTree = "<group>";
		};
		6149E13A202B77AB00AD77F9 /* Products */ = {
			isa = PBXGroup;
			children = (
				6149E139202B77AB00AD77F9 /* Zap-Challenge.app */,
				6149E150202B77AC00AD77F9 /* Zap-ChallengeTests.xctest */,
				6149E15B202B77AC00AD77F9 /* Zap-ChallengeUITests.xctest */,
			);
			name = Products;
			sourceTree = "<group>";
		};
		6149E13B202B77AB00AD77F9 /* Zap-Challenge */ = {
			isa = PBXGroup;
			children = (
				6149E13C202B77AB00AD77F9 /* AppDelegate.swift */,
				6149E13E202B77AB00AD77F9 /* ViewController.swift */,
				6149E140202B77AB00AD77F9 /* Main.storyboard */,
				6149E146202B77AB00AD77F9 /* Assets.xcassets */,
				6149E148202B77AB00AD77F9 /* LaunchScreen.storyboard */,
				6149E14B202B77AB00AD77F9 /* Info.plist */,
				6149E143202B77AB00AD77F9 /* Zap_Challenge.xcdatamodeld */,
			);
			path = "Zap-Challenge";
			sourceTree = "<group>";
		};
		6149E153202B77AC00AD77F9 /* Zap-ChallengeTests */ = {
			isa = PBXGroup;
			children = (
				6149E154202B77AC00AD77F9 /* Zap_ChallengeTests.swift */,
				6149E156202B77AC00AD77F9 /* Info.plist */,
			);
			path = "Zap-ChallengeTests";
			sourceTree = "<group>";
		};
		6149E15E202B77AC00AD77F9 /* Zap-ChallengeUITests */ = {
			isa = PBXGroup;
			children = (
				6149E15F202B77AC00AD77F9 /* Zap_ChallengeUITests.swift */,
				6149E161202B77AC00AD77F9 /* Info.plist */,
			);
			path = "Zap-ChallengeUITests";
			sourceTree = "<group>";
		};
/* End PBXGroup section */

/* Begin PBXNativeTarget section */
		6149E138202B77AB00AD77F9 /* Zap-Challenge */ = {
			isa = PBXNativeTarget;
			buildConfigurationList = 6149E164202B77AC00AD77F9 /* Build configuration list for PBXNativeTarget "Zap-Challenge" */;
			buildPhases = (
				6149E135202B77AB00AD77F9 /* Sources */,
				6149E136202B77AB00AD77F9 /* Frameworks */,
				6149E137202B77AB00AD77F9 /* Resources */,
			);
			buildRules = (
			);
			dependencies = (
			);
			name = "Zap-Challenge";
			productName = "Zap-Challenge";
			productReference = 6149E139202B77AB00AD77F9 /* Zap-Challenge.app */;
			productType = "com.apple.product-type.application";
		};
		6149E14F202B77AC00AD77F9 /* Zap-ChallengeTests */ = {
			isa = PBXNativeTarget;
			buildConfigurationList = 6149E167202B77AC00AD77F9 /* Build configuration list for PBXNativeTarget "Zap-ChallengeTests" */;
			buildPhases = (
				6149E14C202B77AC00AD77F9 /* Sources */,
				6149E14D202B77AC00AD77F9 /* Frameworks */,
				6149E14E202B77AC00AD77F9 /* Resources */,
			);
			buildRules = (
			);
			dependencies = (
				6149E152202B77AC00AD77F9 /* PBXTargetDependency */,
			);
			name = "Zap-ChallengeTests";
			productName = "Zap-ChallengeTests";
			productReference = 6149E150202B77AC00AD77F9 /* Zap-ChallengeTests.xctest */;
			productType = "com.apple.product-type.bundle.unit-test";
		};
		6149E15A202B77AC00AD77F9 /* Zap-ChallengeUITests */ = {
			isa = PBXNativeTarget;
			buildConfigurationList = 6149E16A202B77AC00AD77F9 /* Build configuration list for PBXNativeTarget "Zap-ChallengeUITests" */;
			buildPhases = (
				6149E157202B77AC00AD77F9 /* Sources */,
				6149E158202B77AC00AD77F9 /* Frameworks */,
				6149E159202B77AC00AD77F9 /* Resources */,
			);
			buildRules = (
			);
			dependencies = (
				6149E15D202B77AC00AD77F9 /* PBXTargetDependency */,
			);
			name = "Zap-ChallengeUITests";
			productName = "Zap-ChallengeUITests";
			productReference = 6149E15B202B77AC00AD77F9 /* Zap-ChallengeUITests.xctest */;
			productType = "com.apple.product-type.bundle.ui-testing";
		};
/* End PBXNativeTarget section */

/* Begin PBXProject section */
		6149E131202B77AB00AD77F9 /* Project object */ = {
			isa = PBXProject;
			attributes = {
				LastSwiftUpdateCheck = 0920;
				LastUpgradeCheck = 0920;
				ORGANIZATIONNAME = "Michael Douglas";
				TargetAttributes = {
					6149E138202B77AB00AD77F9 = {
						CreatedOnToolsVersion = 9.2;
						ProvisioningStyle = Automatic;
					};
					6149E14F202B77AC00AD77F9 = {
						CreatedOnToolsVersion = 9.2;
						ProvisioningStyle = Automatic;
						TestTargetID = 6149E138202B77AB00AD77F9;
					};
					6149E15A202B77AC00AD77F9 = {
						CreatedOnToolsVersion = 9.2;
						ProvisioningStyle = Automatic;
						TestTargetID = 6149E138202B77AB00AD77F9;
					};
				};
			};
			buildConfigurationList = 6149E134202B77AB00AD77F9 /* Build configuration list for PBXProject "Zap-Challenge" */;
			compatibilityVersion = "Xcode 8.0";
			developmentRegion = en;
			hasScannedForEncodings = 0;
			knownRegions = (
				en,
				Base,
			);
			mainGroup = 6149E130202B77AB00AD77F9;
			productRefGroup = 6149E13A202B77AB00AD77F9 /* Products */;
			projectDirPath = "";
			projectRoot = "";
			targets = (
				6149E138202B77AB00AD77F9 /* Zap-Challenge */,
				6149E14F202B77AC00AD77F9 /* Zap-ChallengeTests */,
				6149E15A202B77AC00AD77F9 /* Zap-ChallengeUITests */,
			);
		};
/* End PBXProject section */

/* Begin PBXResourcesBuildPhase section */
		6149E137202B77AB00AD77F9 /* Resources */ = {
			isa = PBXResourcesBuildPhase;
			buildActionMask = 2147483647;
			files = (
				6149E14A202B77AB00AD77F9 /* LaunchScreen.storyboard in Resources */,
				6149E147202B77AB00AD77F9 /* Assets.xcassets in Resources */,
				6149E142202B77AB00AD77F9 /* Main.storyboard in Resources */,
			);
			runOnlyForDeploymentPostprocessing = 0;
		};
		6149E14E202B77AC00AD77F9 /* Resources */ = {
			isa = PBXResourcesBuildPhase;
			buildActionMask = 2147483647;
			files = (
			);
			runOnlyForDeploymentPostprocessing = 0;
		};
		6149E159202B77AC00AD77F9 /* Resources */ = {
			isa = PBXResourcesBuildPhase;
			buildActionMask = 2147483647;
			files = (
			);
			runOnlyForDeploymentPostprocessing = 0;
		};
/* End PBXResourcesBuildPhase section */

/* Begin PBXSourcesBuildPhase section */
		6149E135202B77AB00AD77F9 /* Sources */ = {
			isa = PBXSourcesBuildPhase;
			buildActionMask = 2147483647;
			files = (
				6149E145202B77AB00AD77F9 /* Zap_Challenge.xcdatamodeld in Sources */,
				6149E13F202B77AB00AD77F9 /* ViewController.swift in Sources */,
				6149E13D202B77AB00AD77F9 /* AppDelegate.swift in Sources */,
			);
			runOnlyForDeploymentPostprocessing = 0;
		};
		6149E14C202B77AC00AD77F9 /* Sources */ = {
			isa = PBXSourcesBuildPhase;
			buildActionMask = 2147483647;
			files = (
				6149E155202B77AC00AD77F9 /* Zap_ChallengeTests.swift in Sources */,
			);
			runOnlyForDeploymentPostprocessing = 0;
		};
		6149E157202B77AC00AD77F9 /* Sources */ = {
			isa = PBXSourcesBuildPhase;
			buildActionMask = 2147483647;
			files = (
				6149E160202B77AC00AD77F9 /* Zap_ChallengeUITests.swift in Sources */,
			);
			runOnlyForDeploymentPostprocessing = 0;
		};
/* End PBXSourcesBuildPhase section */

/* Begin PBXTargetDependency section */
		6149E152202B77AC00AD77F9 /* PBXTargetDependency */ = {
			isa = PBXTargetDependency;
			target = 6149E138202B77AB00AD77F9 /* Zap-Challenge */;
			targetProxy = 6149E151202B77AC00AD77F9 /* PBXContainerItemProxy */;
		};
		6149E15D202B77AC00AD77F9 /* PBXTargetDependency */ = {
			isa = PBXTargetDependency;
			target = 6149E138202B77AB00AD77F9 /* Zap-Challenge */;
			targetProxy = 6149E15C202B77AC00AD77F9 /* PBXContainerItemProxy */;
		};
/* End PBXTargetDependency section */

/* Begin PBXVariantGroup section */
		6149E140202B77AB00AD77F9 /* Main.storyboard */ = {
			isa = PBXVariantGroup;
			children = (
				6149E141202B77AB00AD77F9 /* Base */,
			);
			name = Main.storyboard;
			sourceTree = "<group>";
		};
		6149E148202B77AB00AD77F9 /* LaunchScreen.storyboard */ = {
			isa = PBXVariantGroup;
			children = (
				6149E149202B77AB00AD77F9 /* Base */,
			);
			name = LaunchScreen.storyboard;
			sourceTree = "<group>";
		};
/* End PBXVariantGroup section */

/* Begin XCBuildConfiguration section */
		6149E162202B77AC00AD77F9 /* Debug */ = {
			isa = XCBuildConfiguration;
			buildSettings = {
				ALWAYS_SEARCH_USER_PATHS = NO;
				CLANG_ANALYZER_NONNULL = YES;
				CLANG_ANALYZER_NUMBER_OBJECT_CONVERSION = YES_AGGRESSIVE;
				CLANG_CXX_LANGUAGE_STANDARD = "gnu++14";
				CLANG_CXX_LIBRARY = "libc++";
				CLANG_ENABLE_MODULES = YES;
				CLANG_ENABLE_OBJC_ARC = YES;
				CLANG_WARN_BLOCK_CAPTURE_AUTORELEASING = YES;
				CLANG_WARN_BOOL_CONVERSION = YES;
				CLANG_WARN_COMMA = YES;
				CLANG_WARN_CONSTANT_CONVERSION = YES;
				CLANG_WARN_DIRECT_OBJC_ISA_USAGE = YES_ERROR;
				CLANG_WARN_DOCUMENTATION_COMMENTS = YES;
				CLANG_WARN_EMPTY_BODY = YES;
				CLANG_WARN_ENUM_CONVERSION = YES;
				CLANG_WARN_INFINITE_RECURSION = YES;
				CLANG_WARN_INT_CONVERSION = YES;
				CLANG_WARN_NON_LITERAL_NULL_CONVERSION = YES;
				CLANG_WARN_OBJC_LITERAL_CONVERSION = YES;
				CLANG_WARN_OBJC_ROOT_CLASS = YES_ERROR;
				CLANG_WARN_RANGE_LOOP_ANALYSIS = YES;
				CLANG_WARN_STRICT_PROTOTYPES = YES;
				CLANG_WARN_SUSPICIOUS_MOVE = YES;
				CLANG_WARN_UNGUARDED_AVAILABILITY = YES_AGGRESSIVE;
				CLANG_WARN_UNREACHABLE_CODE = YES;
				CLANG_WARN__DUPLICATE_METHOD_MATCH = YES;
				CODE_SIGN_IDENTITY = "iPhone Developer";
				COPY_PHASE_STRIP = NO;
				DEBUG_INFORMATION_FORMAT = dwarf;
				ENABLE_STRICT_OBJC_MSGSEND = YES;
				ENABLE_TESTABILITY = YES;
				GCC_C_LANGUAGE_STANDARD = gnu11;
				GCC_DYNAMIC_NO_PIC = NO;
				GCC_NO_COMMON_BLOCKS = YES;
				GCC_OPTIMIZATION_LEVEL = 0;
				GCC_PREPROCESSOR_DEFINITIONS = (
					"DEBUG=1",
					"$(inherited)",
				);
				GCC_WARN_64_TO_32_BIT_CONVERSION = YES;
				GCC_WARN_ABOUT_RETURN_TYPE = YES_ERROR;
				GCC_WARN_UNDECLARED_SELECTOR = YES;
				GCC_WARN_UNINITIALIZED_AUTOS = YES_AGGRESSIVE;
				GCC_WARN_UNUSED_FUNCTION = YES;
				GCC_WARN_UNUSED_VARIABLE = YES;
				IPHONEOS_DEPLOYMENT_TARGET = 11.2;
				MTL_ENABLE_DEBUG_INFO = YES;
				ONLY_ACTIVE_ARCH = YES;
				SDKROOT = iphoneos;
				SWIFT_ACTIVE_COMPILATION_CONDITIONS = DEBUG;
				SWIFT_OPTIMIZATION_LEVEL = "-Onone";
			};
			name = Debug;
		};
		6149E163202B77AC00AD77F9 /* Release */ = {
			isa = XCBuildConfiguration;
			buildSettings = {
				ALWAYS_SEARCH_USER_PATHS = NO;
				CLANG_ANALYZER_NONNULL = YES;
				CLANG_ANALYZER_NUMBER_OBJECT_CONVERSION = YES_AGGRESSIVE;
				CLANG_CXX_LANGUAGE_STANDARD = "gnu++14";
				CLANG_CXX_LIBRARY = "libc++";
				CLANG_ENABLE_MODULES = YES;
				CLANG_ENABLE_OBJC_ARC = YES;
				CLANG_WARN_BLOCK_CAPTURE_AUTORELEASING = YES;
				CLANG_WARN_BOOL_CONVERSION = YES;
				CLANG_WARN_COMMA = YES;
				CLANG_WARN_CONSTANT_CONVERSION = YES;
				CLANG_WARN_DIRECT_OBJC_ISA_USAGE = YES_ERROR;
				CLANG_WARN_DOCUMENTATION_COMMENTS = YES;
				CLANG_WARN_EMPTY_BODY = YES;
				CLANG_WARN_ENUM_CONVERSION = YES;
				CLANG_WARN_INFINITE_RECURSION = YES;
				CLANG_WARN_INT_CONVERSION = YES;
				CLANG_WARN_NON_LITERAL_NULL_CONVERSION = YES;
				CLANG_WARN_OBJC_LITERAL_CONVERSION = YES;
				CLANG_WARN_OBJC_ROOT_CLASS = YES_ERROR;
				CLANG_WARN_RANGE_LOOP_ANALYSIS = YES;
				CLANG_WARN_STRICT_PROTOTYPES = YES;
				CLANG_WARN_SUSPICIOUS_MOVE = YES;
				CLANG_WARN_UNGUARDED_AVAILABILITY = YES_AGGRESSIVE;
				CLANG_WARN_UNREACHABLE_CODE = YES;
				CLANG_WARN__DUPLICATE_METHOD_MATCH = YES;
				CODE_SIGN_IDENTITY = "iPhone Developer";
				COPY_PHASE_STRIP = NO;
				DEBUG_INFORMATION_FORMAT = "dwarf-with-dsym";
				ENABLE_NS_ASSERTIONS = NO;
				ENABLE_STRICT_OBJC_MSGSEND = YES;
				GCC_C_LANGUAGE_STANDARD = gnu11;
				GCC_NO_COMMON_BLOCKS = YES;
				GCC_WARN_64_TO_32_BIT_CONVERSION = YES;
				GCC_WARN_ABOUT_RETURN_TYPE = YES_ERROR;
				GCC_WARN_UNDECLARED_SELECTOR = YES;
				GCC_WARN_UNINITIALIZED_AUTOS = YES_AGGRESSIVE;
				GCC_WARN_UNUSED_FUNCTION = YES;
				GCC_WARN_UNUSED_VARIABLE = YES;
				IPHONEOS_DEPLOYMENT_TARGET = 11.2;
				MTL_ENABLE_DEBUG_INFO = NO;
				SDKROOT = iphoneos;
				SWIFT_OPTIMIZATION_LEVEL = "-Owholemodule";
				VALIDATE_PRODUCT = YES;
			};
			name = Release;
		};
		6149E165202B77AC00AD77F9 /* Debug */ = {
			isa = XCBuildConfiguration;
			buildSettings = {
				ASSETCATALOG_COMPILER_APPICON_NAME = AppIcon;
				CODE_SIGN_STYLE = Automatic;
				DEVELOPMENT_TEAM = 4Q582659G6;
				INFOPLIST_FILE = "Zap-Challenge/Info.plist";
				LD_RUNPATH_SEARCH_PATHS = "$(inherited) @executable_path/Frameworks";
				PRODUCT_BUNDLE_IDENTIFIER = "com.michaeldouglas.Zap-Challenge";
				PRODUCT_NAME = "$(TARGET_NAME)";
				SWIFT_VERSION = 4.0;
				TARGETED_DEVICE_FAMILY = "1,2";
			};
			name = Debug;
		};
		6149E166202B77AC00AD77F9 /* Release */ = {
			isa = XCBuildConfiguration;
			buildSettings = {
				ASSETCATALOG_COMPILER_APPICON_NAME = AppIcon;
				CODE_SIGN_STYLE = Automatic;
				DEVELOPMENT_TEAM = 4Q582659G6;
				INFOPLIST_FILE = "Zap-Challenge/Info.plist";
				LD_RUNPATH_SEARCH_PATHS = "$(inherited) @executable_path/Frameworks";
				PRODUCT_BUNDLE_IDENTIFIER = "com.michaeldouglas.Zap-Challenge";
				PRODUCT_NAME = "$(TARGET_NAME)";
				SWIFT_VERSION = 4.0;
				TARGETED_DEVICE_FAMILY = "1,2";
			};
			name = Release;
		};
		6149E168202B77AC00AD77F9 /* Debug */ = {
			isa = XCBuildConfiguration;
			buildSettings = {
				ALWAYS_EMBED_SWIFT_STANDARD_LIBRARIES = YES;
				BUNDLE_LOADER = "$(TEST_HOST)";
				CODE_SIGN_STYLE = Automatic;
				DEVELOPMENT_TEAM = 4Q582659G6;
				INFOPLIST_FILE = "Zap-ChallengeTests/Info.plist";
				LD_RUNPATH_SEARCH_PATHS = "$(inherited) @executable_path/Frameworks @loader_path/Frameworks";
				PRODUCT_BUNDLE_IDENTIFIER = "com.michaeldouglas.Zap-ChallengeTests";
				PRODUCT_NAME = "$(TARGET_NAME)";
				SWIFT_VERSION = 4.0;
				TARGETED_DEVICE_FAMILY = "1,2";
				TEST_HOST = "$(BUILT_PRODUCTS_DIR)/Zap-Challenge.app/Zap-Challenge";
			};
			name = Debug;
		};
		6149E169202B77AC00AD77F9 /* Release */ = {
			isa = XCBuildConfiguration;
			buildSettings = {
				ALWAYS_EMBED_SWIFT_STANDARD_LIBRARIES = YES;
				BUNDLE_LOADER = "$(TEST_HOST)";
				CODE_SIGN_STYLE = Automatic;
				DEVELOPMENT_TEAM = 4Q582659G6;
				INFOPLIST_FILE = "Zap-ChallengeTests/Info.plist";
				LD_RUNPATH_SEARCH_PATHS = "$(inherited) @executable_path/Frameworks @loader_path/Frameworks";
				PRODUCT_BUNDLE_IDENTIFIER = "com.michaeldouglas.Zap-ChallengeTests";
				PRODUCT_NAME = "$(TARGET_NAME)";
				SWIFT_VERSION = 4.0;
				TARGETED_DEVICE_FAMILY = "1,2";
				TEST_HOST = "$(BUILT_PRODUCTS_DIR)/Zap-Challenge.app/Zap-Challenge";
			};
			name = Release;
		};
		6149E16B202B77AC00AD77F9 /* Debug */ = {
			isa = XCBuildConfiguration;
			buildSettings = {
				ALWAYS_EMBED_SWIFT_STANDARD_LIBRARIES = YES;
				CODE_SIGN_STYLE = Automatic;
				DEVELOPMENT_TEAM = 4Q582659G6;
				INFOPLIST_FILE = "Zap-ChallengeUITests/Info.plist";
				LD_RUNPATH_SEARCH_PATHS = "$(inherited) @executable_path/Frameworks @loader_path/Frameworks";
				PRODUCT_BUNDLE_IDENTIFIER = "com.michaeldouglas.Zap-ChallengeUITests";
				PRODUCT_NAME = "$(TARGET_NAME)";
				SWIFT_VERSION = 4.0;
				TARGETED_DEVICE_FAMILY = "1,2";
				TEST_TARGET_NAME = "Zap-Challenge";
			};
			name = Debug;
		};
		6149E16C202B77AC00AD77F9 /* Release */ = {
			isa = XCBuildConfiguration;
			buildSettings = {
				ALWAYS_EMBED_SWIFT_STANDARD_LIBRARIES = YES;
				CODE_SIGN_STYLE = Automatic;
				DEVELOPMENT_TEAM = 4Q582659G6;
				INFOPLIST_FILE = "Zap-ChallengeUITests/Info.plist";
				LD_RUNPATH_SEARCH_PATHS = "$(inherited) @executable_path/Frameworks @loader_path/Frameworks";
				PRODUCT_BUNDLE_IDENTIFIER = "com.michaeldouglas.Zap-ChallengeUITests";
				PRODUCT_NAME = "$(TARGET_NAME)";
				SWIFT_VERSION = 4.0;
				TARGETED_DEVICE_FAMILY = "1,2";
				TEST_TARGET_NAME = "Zap-Challenge";
			};
			name = Release;
		};
/* End XCBuildConfiguration section */

/* Begin XCConfigurationList section */
		6149E134202B77AB00AD77F9 /* Build configuration list for PBXProject "Zap-Challenge" */ = {
			isa = XCConfigurationList;
			buildConfigurations = (
				6149E162202B77AC00AD77F9 /* Debug */,
				6149E163202B77AC00AD77F9 /* Release */,
			);
			defaultConfigurationIsVisible = 0;
			defaultConfigurationName = Release;
		};
		6149E164202B77AC00AD77F9 /* Build configuration list for PBXNativeTarget "Zap-Challenge" */ = {
			isa = XCConfigurationList;
			buildConfigurations = (
				6149E165202B77AC00AD77F9 /* Debug */,
				6149E166202B77AC00AD77F9 /* Release */,
			);
			defaultConfigurationIsVisible = 0;
			defaultConfigurationName = Release;
		};
		6149E167202B77AC00AD77F9 /* Build configuration list for PBXNativeTarget "Zap-ChallengeTests" */ = {
			isa = XCConfigurationList;
			buildConfigurations = (
				6149E168202B77AC00AD77F9 /* Debug */,
				6149E169202B77AC00AD77F9 /* Release */,
			);
			defaultConfigurationIsVisible = 0;
			defaultConfigurationName = Release;
		};
		6149E16A202B77AC00AD77F9 /* Build configuration list for PBXNativeTarget "Zap-ChallengeUITests" */ = {
			isa = XCConfigurationList;
			buildConfigurations = (
				6149E16B202B77AC00AD77F9 /* Debug */,
				6149E16C202B77AC00AD77F9 /* Release */,
			);
			defaultConfigurationIsVisible = 0;
			defaultConfigurationName = Release;
		};
/* End XCConfigurationList section */

/* Begin XCVersionGroup section */
		6149E143202B77AB00AD77F9 /* Zap_Challenge.xcdatamodeld */ = {
			isa = XCVersionGroup;
			children = (
				6149E144202B77AB00AD77F9 /* Zap_Challenge.xcdatamodel */,
			);
			currentVersion = 6149E144202B77AB00AD77F9 /* Zap_Challenge.xcdatamodel */;
			path = Zap_Challenge.xcdatamodeld;
			sourceTree = "<group>";
			versionGroupType = wrapper.xcdatamodel;
		};
/* End XCVersionGroup section */
	};
	rootObject = 6149E131202B77AB00AD77F9 /* Project object */;
}
