// !$*UTF8*$!
{
	archiveVersion = 1;
	classes = {
	};
	objectVersion = 48;
	objects = {

/* Begin PBXBuildFile section */
		6149E13D202B77AB00AD77F9 /* AppDelegate.swift in Sources */ = {isa = PBXBuildFile; fileRef = 6149E13C202B77AB00AD77F9 /* AppDelegate.swift */; };
		6149E145202B77AB00AD77F9 /* Zap_Challenge.xcdatamodeld in Sources */ = {isa = PBXBuildFile; fileRef = 6149E143202B77AB00AD77F9 /* Zap_Challenge.xcdatamodeld */; };
		6149E147202B77AB00AD77F9 /* Assets.xcassets in Resources */ = {isa = PBXBuildFile; fileRef = 6149E146202B77AB00AD77F9 /* Assets.xcassets */; };
		6149E155202B77AC00AD77F9 /* Zap_ChallengeTests.swift in Sources */ = {isa = PBXBuildFile; fileRef = 6149E154202B77AC00AD77F9 /* Zap_ChallengeTests.swift */; };
		6149E160202B77AC00AD77F9 /* Zap_ChallengeUITests.swift in Sources */ = {isa = PBXBuildFile; fileRef = 6149E15F202B77AC00AD77F9 /* Zap_ChallengeUITests.swift */; };
		6172D9E4202CB394004E3A11 /* TopGamesProvider.swift in Sources */ = {isa = PBXBuildFile; fileRef = 6172D9E3202CB394004E3A11 /* TopGamesProvider.swift */; };
		6172D9E7202CB879004E3A11 /* ServerLogger.swift in Sources */ = {isa = PBXBuildFile; fileRef = 6172D9E6202CB879004E3A11 /* ServerLogger.swift */; };
		6172D9E9202CC23D004E3A11 /* Game.swift in Sources */ = {isa = PBXBuildFile; fileRef = 6172D9E8202CC23D004E3A11 /* Game.swift */; };
		6172D9EB202CC896004E3A11 /* GameRank.swift in Sources */ = {isa = PBXBuildFile; fileRef = 6172D9EA202CC896004E3A11 /* GameRank.swift */; };
		6172D9ED202CD0F9004E3A11 /* Media.swift in Sources */ = {isa = PBXBuildFile; fileRef = 6172D9EC202CD0F9004E3A11 /* Media.swift */; };
		6172D9F0202CD462004E3A11 /* TopGamesViewController.swift in Sources */ = {isa = PBXBuildFile; fileRef = 6172D9EF202CD462004E3A11 /* TopGamesViewController.swift */; };
		6172D9F2202CD474004E3A11 /* TopGamesViewModel.swift in Sources */ = {isa = PBXBuildFile; fileRef = 6172D9F1202CD474004E3A11 /* TopGamesViewModel.swift */; };
		61A8948F20E092B800981307 /* .swiftlint.yml in Resources */ = {isa = PBXBuildFile; fileRef = 61A8948E20E092B800981307 /* .swiftlint.yml */; };
		61AD919020332EA600BC8115 /* KeychainService.swift in Sources */ = {isa = PBXBuildFile; fileRef = 61AD918F20332EA600BC8115 /* KeychainService.swift */; };
		61AD919220334B7200BC8115 /* Int+Utils.swift in Sources */ = {isa = PBXBuildFile; fileRef = 61AD919120334B7200BC8115 /* Int+Utils.swift */; };
		61BC018D202D15DB0035F273 /* DashboardTabBarViewController.swift in Sources */ = {isa = PBXBuildFile; fileRef = 61BC018C202D15DB0035F273 /* DashboardTabBarViewController.swift */; };
		61BC018F202D15ED0035F273 /* DashboardTabBarViewModel.swift in Sources */ = {isa = PBXBuildFile; fileRef = 61BC018E202D15ED0035F273 /* DashboardTabBarViewModel.swift */; };
		61BC24EB2032783E00B79256 /* LoadingFooterCollectionView.swift in Sources */ = {isa = PBXBuildFile; fileRef = 61BC24E92032783E00B79256 /* LoadingFooterCollectionView.swift */; };
		61BC24EC2032783E00B79256 /* LoadingFooterCollectionView.xib in Resources */ = {isa = PBXBuildFile; fileRef = 61BC24EA2032783E00B79256 /* LoadingFooterCollectionView.xib */; };
		61BC24F02033277F00B79256 /* PersistenceService.swift in Sources */ = {isa = PBXBuildFile; fileRef = 61BC24EF2033277F00B79256 /* PersistenceService.swift */; };
		61CB7AD6202F9FFA00924E35 /* TopGameCollectionViewCell.swift in Sources */ = {isa = PBXBuildFile; fileRef = 61CB7AD5202F9FFA00924E35 /* TopGameCollectionViewCell.swift */; };
		61CB7AD8202FA00E00924E35 /* TopGameCollectionViewModel.swift in Sources */ = {isa = PBXBuildFile; fileRef = 61CB7AD7202FA00E00924E35 /* TopGameCollectionViewModel.swift */; };
		61CB7ADA202FA60000924E35 /* UIImageView+Utils.swift in Sources */ = {isa = PBXBuildFile; fileRef = 61CB7AD9202FA60000924E35 /* UIImageView+Utils.swift */; };
		61CD16972033C52300A8C022 /* TopGameCollectionViewCell.xib in Resources */ = {isa = PBXBuildFile; fileRef = 61CD16962033C52300A8C022 /* TopGameCollectionViewCell.xib */; };
		61CD16992033C8B100A8C022 /* FavoritesProvider.swift in Sources */ = {isa = PBXBuildFile; fileRef = 61CD16982033C8B100A8C022 /* FavoritesProvider.swift */; };
		61CD169B2033D10500A8C022 /* FavoritesViewController.swift in Sources */ = {isa = PBXBuildFile; fileRef = 61CD169A2033D10500A8C022 /* FavoritesViewController.swift */; };
		61CD169D2033D11700A8C022 /* FavoritesViewModel.swift in Sources */ = {isa = PBXBuildFile; fileRef = 61CD169C2033D11700A8C022 /* FavoritesViewModel.swift */; };
		61CD16A12033FC0200A8C022 /* GameDetailsViewController.swift in Sources */ = {isa = PBXBuildFile; fileRef = 61CD16A02033FC0200A8C022 /* GameDetailsViewController.swift */; };
		61CD16A32033FC3F00A8C022 /* GameDetailsViewModel.swift in Sources */ = {isa = PBXBuildFile; fileRef = 61CD16A22033FC3F00A8C022 /* GameDetailsViewModel.swift */; };
		61CD16A5203476C400A8C022 /* GameDetailsProvider.swift in Sources */ = {isa = PBXBuildFile; fileRef = 61CD16A4203476C400A8C022 /* GameDetailsProvider.swift */; };
		61DC8522202BDBF3007A7552 /* UIViewController+Alerts.swift in Sources */ = {isa = PBXBuildFile; fileRef = 61DC8517202BDBF1007A7552 /* UIViewController+Alerts.swift */; };
		61DC8529202BDBF3007A7552 /* String+Localized.swift in Sources */ = {isa = PBXBuildFile; fileRef = 61DC851E202BDBF2007A7552 /* String+Localized.swift */; };
		61DC852B202BDBF3007A7552 /* UIColor+StyleKit.swift in Sources */ = {isa = PBXBuildFile; fileRef = 61DC8520202BDBF3007A7552 /* UIColor+StyleKit.swift */; };
		61DC8530202BE2A7007A7552 /* Localizable.strings in Resources */ = {isa = PBXBuildFile; fileRef = 61DC8532202BE2A7007A7552 /* Localizable.strings */; };
		61DC8542202BF025007A7552 /* ServerRequest.swift in Sources */ = {isa = PBXBuildFile; fileRef = 61DC8541202BF025007A7552 /* ServerRequest.swift */; };
		61DC8546202C6B8B007A7552 /* LaunchScreen.storyboard in Resources */ = {isa = PBXBuildFile; fileRef = 61DC8545202C6B8B007A7552 /* LaunchScreen.storyboard */; };
		61DC8548202C6C06007A7552 /* Dashboard.storyboard in Resources */ = {isa = PBXBuildFile; fileRef = 61DC8547202C6C06007A7552 /* Dashboard.storyboard */; };
		61DC854A202C6D12007A7552 /* TopGames.storyboard in Resources */ = {isa = PBXBuildFile; fileRef = 61DC8549202C6D12007A7552 /* TopGames.storyboard */; };
		61DC854C202C6D25007A7552 /* Favorites.storyboard in Resources */ = {isa = PBXBuildFile; fileRef = 61DC854B202C6D25007A7552 /* Favorites.storyboard */; };
		61DC854E202C6D4A007A7552 /* GameDetails.storyboard in Resources */ = {isa = PBXBuildFile; fileRef = 61DC854D202C6D4A007A7552 /* GameDetails.storyboard */; };
		61DC857C202C85B8007A7552 /* CircularImage.swift in Sources */ = {isa = PBXBuildFile; fileRef = 61DC8561202C85B6007A7552 /* CircularImage.swift */; };
		61DC857E202C85B8007A7552 /* UIBox.swift in Sources */ = {isa = PBXBuildFile; fileRef = 61DC8563202C85B6007A7552 /* UIBox.swift */; };
		61E5C97C202DCAB600A6D2AB /* UIView+Loading.swift in Sources */ = {isa = PBXBuildFile; fileRef = 61E5C97B202DCAB600A6D2AB /* UIView+Loading.swift */; };
		61F33D74203098DA00B31916 /* UIImage+Utils.swift in Sources */ = {isa = PBXBuildFile; fileRef = 61F33D73203098DA00B31916 /* UIImage+Utils.swift */; };
		67A9B5D66777AD8E4CC25EBB /* Pods_Zap_Challenge.framework in Frameworks */ = {isa = PBXBuildFile; fileRef = 5462AD81712D28192134CC99 /* Pods_Zap_Challenge.framework */; };
		AA7BD90DF725B76EB4C009B8 /* Pods_Zap_ChallengeTests.framework in Frameworks */ = {isa = PBXBuildFile; fileRef = 6D4AF273CC9FEF98FACEFBD9 /* Pods_Zap_ChallengeTests.framework */; };
		EE0B594656D98B7BF103187A /* Pods_Zap_ChallengeUITests.framework in Frameworks */ = {isa = PBXBuildFile; fileRef = 9405B78BE02E125B2C451E9D /* Pods_Zap_ChallengeUITests.framework */; };
/* End PBXBuildFile section */

/* Begin PBXContainerItemProxy section */
		6149E151202B77AC00AD77F9 /* PBXContainerItemProxy */ = {
			isa = PBXContainerItemProxy;
			containerPortal = 6149E131202B77AB00AD77F9 /* Project object */;
			proxyType = 1;
			remoteGlobalIDString = 6149E138202B77AB00AD77F9;
			remoteInfo = "Zap-Challenge";
		};
		6149E15C202B77AC00AD77F9 /* PBXContainerItemProxy */ = {
			isa = PBXContainerItemProxy;
			containerPortal = 6149E131202B77AB00AD77F9 /* Project object */;
			proxyType = 1;
			remoteGlobalIDString = 6149E138202B77AB00AD77F9;
			remoteInfo = "Zap-Challenge";
		};
/* End PBXContainerItemProxy section */

/* Begin PBXFileReference section */
		22E4A513D9AB33F87AC8E942 /* Pods-Zap-Challenge.debug.xcconfig */ = {isa = PBXFileReference; includeInIndex = 1; lastKnownFileType = text.xcconfig; name = "Pods-Zap-Challenge.debug.xcconfig"; path = "Pods/Target Support Files/Pods-Zap-Challenge/Pods-Zap-Challenge.debug.xcconfig"; sourceTree = "<group>"; };
		5462AD81712D28192134CC99 /* Pods_Zap_Challenge.framework */ = {isa = PBXFileReference; explicitFileType = wrapper.framework; includeInIndex = 0; path = Pods_Zap_Challenge.framework; sourceTree = BUILT_PRODUCTS_DIR; };
		58DD6E8760F0153B3523919C /* Pods-Zap-ChallengeTests.release.xcconfig */ = {isa = PBXFileReference; includeInIndex = 1; lastKnownFileType = text.xcconfig; name = "Pods-Zap-ChallengeTests.release.xcconfig"; path = "Pods/Target Support Files/Pods-Zap-ChallengeTests/Pods-Zap-ChallengeTests.release.xcconfig"; sourceTree = "<group>"; };
		6149E139202B77AB00AD77F9 /* Zap-Challenge.app */ = {isa = PBXFileReference; explicitFileType = wrapper.application; includeInIndex = 0; path = "Zap-Challenge.app"; sourceTree = BUILT_PRODUCTS_DIR; };
		6149E13C202B77AB00AD77F9 /* AppDelegate.swift */ = {isa = PBXFileReference; lastKnownFileType = sourcecode.swift; path = AppDelegate.swift; sourceTree = "<group>"; };
		6149E144202B77AB00AD77F9 /* Zap_Challenge.xcdatamodel */ = {isa = PBXFileReference; lastKnownFileType = wrapper.xcdatamodel; path = Zap_Challenge.xcdatamodel; sourceTree = "<group>"; };
		6149E146202B77AB00AD77F9 /* Assets.xcassets */ = {isa = PBXFileReference; lastKnownFileType = folder.assetcatalog; path = Assets.xcassets; sourceTree = "<group>"; };
		6149E14B202B77AB00AD77F9 /* Info.plist */ = {isa = PBXFileReference; lastKnownFileType = text.plist.xml; path = Info.plist; sourceTree = "<group>"; };
		6149E150202B77AC00AD77F9 /* Zap-ChallengeTests.xctest */ = {isa = PBXFileReference; explicitFileType = wrapper.cfbundle; includeInIndex = 0; path = "Zap-ChallengeTests.xctest"; sourceTree = BUILT_PRODUCTS_DIR; };
		6149E154202B77AC00AD77F9 /* Zap_ChallengeTests.swift */ = {isa = PBXFileReference; lastKnownFileType = sourcecode.swift; path = Zap_ChallengeTests.swift; sourceTree = "<group>"; };
		6149E156202B77AC00AD77F9 /* Info.plist */ = {isa = PBXFileReference; lastKnownFileType = text.plist.xml; path = Info.plist; sourceTree = "<group>"; };
		6149E15B202B77AC00AD77F9 /* Zap-ChallengeUITests.xctest */ = {isa = PBXFileReference; explicitFileType = wrapper.cfbundle; includeInIndex = 0; path = "Zap-ChallengeUITests.xctest"; sourceTree = BUILT_PRODUCTS_DIR; };
		6149E15F202B77AC00AD77F9 /* Zap_ChallengeUITests.swift */ = {isa = PBXFileReference; lastKnownFileType = sourcecode.swift; path = Zap_ChallengeUITests.swift; sourceTree = "<group>"; };
		6149E161202B77AC00AD77F9 /* Info.plist */ = {isa = PBXFileReference; lastKnownFileType = text.plist.xml; path = Info.plist; sourceTree = "<group>"; };
		6172D9E3202CB394004E3A11 /* TopGamesProvider.swift */ = {isa = PBXFileReference; lastKnownFileType = sourcecode.swift; path = TopGamesProvider.swift; sourceTree = "<group>"; };
		6172D9E6202CB879004E3A11 /* ServerLogger.swift */ = {isa = PBXFileReference; fileEncoding = 4; lastKnownFileType = sourcecode.swift; path = ServerLogger.swift; sourceTree = "<group>"; };
		6172D9E8202CC23D004E3A11 /* Game.swift */ = {isa = PBXFileReference; lastKnownFileType = sourcecode.swift; path = Game.swift; sourceTree = "<group>"; };
		6172D9EA202CC896004E3A11 /* GameRank.swift */ = {isa = PBXFileReference; lastKnownFileType = sourcecode.swift; path = GameRank.swift; sourceTree = "<group>"; };
		6172D9EC202CD0F9004E3A11 /* Media.swift */ = {isa = PBXFileReference; lastKnownFileType = sourcecode.swift; path = Media.swift; sourceTree = "<group>"; };
		6172D9EF202CD462004E3A11 /* TopGamesViewController.swift */ = {isa = PBXFileReference; lastKnownFileType = sourcecode.swift; path = TopGamesViewController.swift; sourceTree = "<group>"; };
		6172D9F1202CD474004E3A11 /* TopGamesViewModel.swift */ = {isa = PBXFileReference; lastKnownFileType = sourcecode.swift; path = TopGamesViewModel.swift; sourceTree = "<group>"; };
		61A8948E20E092B800981307 /* .swiftlint.yml */ = {isa = PBXFileReference; fileEncoding = 4; lastKnownFileType = text; path = .swiftlint.yml; sourceTree = SOURCE_ROOT; };
		61AD918F20332EA600BC8115 /* KeychainService.swift */ = {isa = PBXFileReference; lastKnownFileType = sourcecode.swift; path = KeychainService.swift; sourceTree = "<group>"; };
		61AD919120334B7200BC8115 /* Int+Utils.swift */ = {isa = PBXFileReference; lastKnownFileType = sourcecode.swift; path = "Int+Utils.swift"; sourceTree = "<group>"; };
		61BC018C202D15DB0035F273 /* DashboardTabBarViewController.swift */ = {isa = PBXFileReference; lastKnownFileType = sourcecode.swift; path = DashboardTabBarViewController.swift; sourceTree = "<group>"; };
		61BC018E202D15ED0035F273 /* DashboardTabBarViewModel.swift */ = {isa = PBXFileReference; lastKnownFileType = sourcecode.swift; path = DashboardTabBarViewModel.swift; sourceTree = "<group>"; };
		61BC24E92032783E00B79256 /* LoadingFooterCollectionView.swift */ = {isa = PBXFileReference; lastKnownFileType = sourcecode.swift; path = LoadingFooterCollectionView.swift; sourceTree = "<group>"; };
		61BC24EA2032783E00B79256 /* LoadingFooterCollectionView.xib */ = {isa = PBXFileReference; lastKnownFileType = file.xib; path = LoadingFooterCollectionView.xib; sourceTree = "<group>"; };
		61BC24EF2033277F00B79256 /* PersistenceService.swift */ = {isa = PBXFileReference; lastKnownFileType = sourcecode.swift; path = PersistenceService.swift; sourceTree = "<group>"; };
		61CB7AD5202F9FFA00924E35 /* TopGameCollectionViewCell.swift */ = {isa = PBXFileReference; lastKnownFileType = sourcecode.swift; path = TopGameCollectionViewCell.swift; sourceTree = "<group>"; };
		61CB7AD7202FA00E00924E35 /* TopGameCollectionViewModel.swift */ = {isa = PBXFileReference; lastKnownFileType = sourcecode.swift; path = TopGameCollectionViewModel.swift; sourceTree = "<group>"; };
		61CB7AD9202FA60000924E35 /* UIImageView+Utils.swift */ = {isa = PBXFileReference; fileEncoding = 4; lastKnownFileType = sourcecode.swift; path = "UIImageView+Utils.swift"; sourceTree = "<group>"; };
		61CD16962033C52300A8C022 /* TopGameCollectionViewCell.xib */ = {isa = PBXFileReference; lastKnownFileType = file.xib; path = TopGameCollectionViewCell.xib; sourceTree = "<group>"; };
		61CD16982033C8B100A8C022 /* FavoritesProvider.swift */ = {isa = PBXFileReference; lastKnownFileType = sourcecode.swift; path = FavoritesProvider.swift; sourceTree = "<group>"; };
		61CD169A2033D10500A8C022 /* FavoritesViewController.swift */ = {isa = PBXFileReference; lastKnownFileType = sourcecode.swift; path = FavoritesViewController.swift; sourceTree = "<group>"; };
		61CD169C2033D11700A8C022 /* FavoritesViewModel.swift */ = {isa = PBXFileReference; lastKnownFileType = sourcecode.swift; path = FavoritesViewModel.swift; sourceTree = "<group>"; };
		61CD16A02033FC0200A8C022 /* GameDetailsViewController.swift */ = {isa = PBXFileReference; lastKnownFileType = sourcecode.swift; path = GameDetailsViewController.swift; sourceTree = "<group>"; };
		61CD16A22033FC3F00A8C022 /* GameDetailsViewModel.swift */ = {isa = PBXFileReference; lastKnownFileType = sourcecode.swift; path = GameDetailsViewModel.swift; sourceTree = "<group>"; };
		61CD16A4203476C400A8C022 /* GameDetailsProvider.swift */ = {isa = PBXFileReference; lastKnownFileType = sourcecode.swift; path = GameDetailsProvider.swift; sourceTree = "<group>"; };
		61DC8517202BDBF1007A7552 /* UIViewController+Alerts.swift */ = {isa = PBXFileReference; fileEncoding = 4; lastKnownFileType = sourcecode.swift; path = "UIViewController+Alerts.swift"; sourceTree = "<group>"; };
		61DC851E202BDBF2007A7552 /* String+Localized.swift */ = {isa = PBXFileReference; fileEncoding = 4; lastKnownFileType = sourcecode.swift; path = "String+Localized.swift"; sourceTree = "<group>"; };
		61DC8520202BDBF3007A7552 /* UIColor+StyleKit.swift */ = {isa = PBXFileReference; fileEncoding = 4; lastKnownFileType = sourcecode.swift; path = "UIColor+StyleKit.swift"; sourceTree = "<group>"; };
		61DC8539202BE4A9007A7552 /* pt-BR */ = {isa = PBXFileReference; lastKnownFileType = text.plist.strings; name = "pt-BR"; path = "pt-BR.lproj/Localizable.strings"; sourceTree = "<group>"; };
		61DC853A202BE4CB007A7552 /* en */ = {isa = PBXFileReference; lastKnownFileType = text.plist.strings; name = en; path = en.lproj/Localizable.strings; sourceTree = "<group>"; };
		61DC8541202BF025007A7552 /* ServerRequest.swift */ = {isa = PBXFileReference; fileEncoding = 4; lastKnownFileType = sourcecode.swift; path = ServerRequest.swift; sourceTree = "<group>"; };
		61DC8545202C6B8B007A7552 /* LaunchScreen.storyboard */ = {isa = PBXFileReference; lastKnownFileType = file.storyboard; path = LaunchScreen.storyboard; sourceTree = "<group>"; };
		61DC8547202C6C06007A7552 /* Dashboard.storyboard */ = {isa = PBXFileReference; lastKnownFileType = file.storyboard; path = Dashboard.storyboard; sourceTree = "<group>"; };
		61DC8549202C6D12007A7552 /* TopGames.storyboard */ = {isa = PBXFileReference; lastKnownFileType = file.storyboard; path = TopGames.storyboard; sourceTree = "<group>"; };
		61DC854B202C6D25007A7552 /* Favorites.storyboard */ = {isa = PBXFileReference; lastKnownFileType = file.storyboard; path = Favorites.storyboard; sourceTree = "<group>"; };
		61DC854D202C6D4A007A7552 /* GameDetails.storyboard */ = {isa = PBXFileReference; lastKnownFileType = file.storyboard; path = GameDetails.storyboard; sourceTree = "<group>"; };
		61DC8561202C85B6007A7552 /* CircularImage.swift */ = {isa = PBXFileReference; fileEncoding = 4; lastKnownFileType = sourcecode.swift; path = CircularImage.swift; sourceTree = "<group>"; };
		61DC8563202C85B6007A7552 /* UIBox.swift */ = {isa = PBXFileReference; fileEncoding = 4; lastKnownFileType = sourcecode.swift; path = UIBox.swift; sourceTree = "<group>"; };
		61E5C97B202DCAB600A6D2AB /* UIView+Loading.swift */ = {isa = PBXFileReference; lastKnownFileType = sourcecode.swift; path = "UIView+Loading.swift"; sourceTree = "<group>"; };
		61F33D73203098DA00B31916 /* UIImage+Utils.swift */ = {isa = PBXFileReference; lastKnownFileType = sourcecode.swift; path = "UIImage+Utils.swift"; sourceTree = "<group>"; };
		6D4AF273CC9FEF98FACEFBD9 /* Pods_Zap_ChallengeTests.framework */ = {isa = PBXFileReference; explicitFileType = wrapper.framework; includeInIndex = 0; path = Pods_Zap_ChallengeTests.framework; sourceTree = BUILT_PRODUCTS_DIR; };
		7561F8D4DA59B2F39DF949F8 /* Pods-Zap-ChallengeUITests.debug.xcconfig */ = {isa = PBXFileReference; includeInIndex = 1; lastKnownFileType = text.xcconfig; name = "Pods-Zap-ChallengeUITests.debug.xcconfig"; path = "Pods/Target Support Files/Pods-Zap-ChallengeUITests/Pods-Zap-ChallengeUITests.debug.xcconfig"; sourceTree = "<group>"; };
		822A4DD22387428612661637 /* Pods-Zap-Challenge.release.xcconfig */ = {isa = PBXFileReference; includeInIndex = 1; lastKnownFileType = text.xcconfig; name = "Pods-Zap-Challenge.release.xcconfig"; path = "Pods/Target Support Files/Pods-Zap-Challenge/Pods-Zap-Challenge.release.xcconfig"; sourceTree = "<group>"; };
		9405B78BE02E125B2C451E9D /* Pods_Zap_ChallengeUITests.framework */ = {isa = PBXFileReference; explicitFileType = wrapper.framework; includeInIndex = 0; path = Pods_Zap_ChallengeUITests.framework; sourceTree = BUILT_PRODUCTS_DIR; };
		B6B3940D0B7B9F380EBC8454 /* Pods-Zap-ChallengeUITests.release.xcconfig */ = {isa = PBXFileReference; includeInIndex = 1; lastKnownFileType = text.xcconfig; name = "Pods-Zap-ChallengeUITests.release.xcconfig"; path = "Pods/Target Support Files/Pods-Zap-ChallengeUITests/Pods-Zap-ChallengeUITests.release.xcconfig"; sourceTree = "<group>"; };
		BD7FDCF359E35C336F27C6C0 /* Pods-Zap-ChallengeTests.debug.xcconfig */ = {isa = PBXFileReference; includeInIndex = 1; lastKnownFileType = text.xcconfig; name = "Pods-Zap-ChallengeTests.debug.xcconfig"; path = "Pods/Target Support Files/Pods-Zap-ChallengeTests/Pods-Zap-ChallengeTests.debug.xcconfig"; sourceTree = "<group>"; };
/* End PBXFileReference section */

/* Begin PBXFrameworksBuildPhase section */
		6149E136202B77AB00AD77F9 /* Frameworks */ = {
			isa = PBXFrameworksBuildPhase;
			buildActionMask = 2147483647;
			files = (
				67A9B5D66777AD8E4CC25EBB /* Pods_Zap_Challenge.framework in Frameworks */,
			);
			runOnlyForDeploymentPostprocessing = 0;
		};
		6149E14D202B77AC00AD77F9 /* Frameworks */ = {
			isa = PBXFrameworksBuildPhase;
			buildActionMask = 2147483647;
			files = (
				AA7BD90DF725B76EB4C009B8 /* Pods_Zap_ChallengeTests.framework in Frameworks */,
			);
			runOnlyForDeploymentPostprocessing = 0;
		};
		6149E158202B77AC00AD77F9 /* Frameworks */ = {
			isa = PBXFrameworksBuildPhase;
			buildActionMask = 2147483647;
			files = (
				EE0B594656D98B7BF103187A /* Pods_Zap_ChallengeUITests.framework in Frameworks */,
			);
			runOnlyForDeploymentPostprocessing = 0;
		};
/* End PBXFrameworksBuildPhase section */

/* Begin PBXGroup section */
		2EAEA0A994B68BB00D67C852 /* Frameworks */ = {
			isa = PBXGroup;
			children = (
				5462AD81712D28192134CC99 /* Pods_Zap_Challenge.framework */,
				6D4AF273CC9FEF98FACEFBD9 /* Pods_Zap_ChallengeTests.framework */,
				9405B78BE02E125B2C451E9D /* Pods_Zap_ChallengeUITests.framework */,
			);
			name = Frameworks;
			sourceTree = "<group>";
		};
		3653B896F2CF9E36AFB56683 /* Pods */ = {
			isa = PBXGroup;
			children = (
				22E4A513D9AB33F87AC8E942 /* Pods-Zap-Challenge.debug.xcconfig */,
				822A4DD22387428612661637 /* Pods-Zap-Challenge.release.xcconfig */,
				BD7FDCF359E35C336F27C6C0 /* Pods-Zap-ChallengeTests.debug.xcconfig */,
				58DD6E8760F0153B3523919C /* Pods-Zap-ChallengeTests.release.xcconfig */,
				7561F8D4DA59B2F39DF949F8 /* Pods-Zap-ChallengeUITests.debug.xcconfig */,
				B6B3940D0B7B9F380EBC8454 /* Pods-Zap-ChallengeUITests.release.xcconfig */,
			);
			name = Pods;
			sourceTree = "<group>";
		};
		6149E130202B77AB00AD77F9 = {
			isa = PBXGroup;
			children = (
				6149E13B202B77AB00AD77F9 /* Zap-Challenge */,
				6149E153202B77AC00AD77F9 /* Zap-ChallengeTests */,
				6149E15E202B77AC00AD77F9 /* Zap-ChallengeUITests */,
				6149E13A202B77AB00AD77F9 /* Products */,
				3653B896F2CF9E36AFB56683 /* Pods */,
				2EAEA0A994B68BB00D67C852 /* Frameworks */,
			);
			sourceTree = "<group>";
		};
		6149E13A202B77AB00AD77F9 /* Products */ = {
			isa = PBXGroup;
			children = (
				6149E139202B77AB00AD77F9 /* Zap-Challenge.app */,
				6149E150202B77AC00AD77F9 /* Zap-ChallengeTests.xctest */,
				6149E15B202B77AC00AD77F9 /* Zap-ChallengeUITests.xctest */,
			);
			name = Products;
			sourceTree = "<group>";
		};
		6149E13B202B77AB00AD77F9 /* Zap-Challenge */ = {
			isa = PBXGroup;
			children = (
				61DC84F7202B8AA2007A7552 /* Resources */,
				61DC84F8202B8AAD007A7552 /* Sources */,
			);
			path = "Zap-Challenge";
			sourceTree = "<group>";
		};
		6149E153202B77AC00AD77F9 /* Zap-ChallengeTests */ = {
			isa = PBXGroup;
			children = (
				6149E154202B77AC00AD77F9 /* Zap_ChallengeTests.swift */,
				6149E156202B77AC00AD77F9 /* Info.plist */,
			);
			path = "Zap-ChallengeTests";
			sourceTree = "<group>";
		};
		6149E15E202B77AC00AD77F9 /* Zap-ChallengeUITests */ = {
			isa = PBXGroup;
			children = (
				6149E15F202B77AC00AD77F9 /* Zap_ChallengeUITests.swift */,
				6149E161202B77AC00AD77F9 /* Info.plist */,
			);
			path = "Zap-ChallengeUITests";
			sourceTree = "<group>";
		};
		6172D9E1202CB2EE004E3A11 /* Favorites */ = {
			isa = PBXGroup;
			children = (
				61DC854B202C6D25007A7552 /* Favorites.storyboard */,
				61CD16922033BFC900A8C022 /* Model */,
				61CD16932033BFD200A8C022 /* Favorites */,
			);
			path = Favorites;
			sourceTree = "<group>";
		};
		6172D9E2202CB2F7004E3A11 /* GameDetails */ = {
			isa = PBXGroup;
			children = (
				61DC854D202C6D4A007A7552 /* GameDetails.storyboard */,
				61CD169E2033FBD900A8C022 /* Model */,
				61CD169F2033FBE300A8C022 /* GameDetails */,
			);
			path = GameDetails;
			sourceTree = "<group>";
		};
		6172D9E5202CB496004E3A11 /* Model */ = {
			isa = PBXGroup;
			children = (
				6172D9E3202CB394004E3A11 /* TopGamesProvider.swift */,
				6172D9EA202CC896004E3A11 /* GameRank.swift */,
				6172D9E8202CC23D004E3A11 /* Game.swift */,
				6172D9EC202CD0F9004E3A11 /* Media.swift */,
			);
			path = Model;
			sourceTree = "<group>";
		};
		6172D9EE202CD446004E3A11 /* TopGames */ = {
			isa = PBXGroup;
			children = (
				6172D9EF202CD462004E3A11 /* TopGamesViewController.swift */,
				6172D9F1202CD474004E3A11 /* TopGamesViewModel.swift */,
				61BC24E8203260BB00B79256 /* LoadingFooterView */,
			);
			path = TopGames;
			sourceTree = "<group>";
		};
		61BC018B202D15830035F273 /* DashboardTabBar */ = {
			isa = PBXGroup;
			children = (
				61DC8547202C6C06007A7552 /* Dashboard.storyboard */,
				61BC018C202D15DB0035F273 /* DashboardTabBarViewController.swift */,
				61BC018E202D15ED0035F273 /* DashboardTabBarViewModel.swift */,
			);
			path = DashboardTabBar;
			sourceTree = "<group>";
		};
		61BC24E8203260BB00B79256 /* LoadingFooterView */ = {
			isa = PBXGroup;
			children = (
				61BC24EA2032783E00B79256 /* LoadingFooterCollectionView.xib */,
				61BC24E92032783E00B79256 /* LoadingFooterCollectionView.swift */,
			);
			path = LoadingFooterView;
			sourceTree = "<group>";
		};
		61C5D0A8202CB2B6008286E3 /* Dashboard */ = {
			isa = PBXGroup;
			children = (
				61BC018B202D15830035F273 /* DashboardTabBar */,
			);
			path = Dashboard;
			sourceTree = "<group>";
		};
		61C5D0A9202CB2BC008286E3 /* TopGames */ = {
			isa = PBXGroup;
			children = (
				61DC8549202C6D12007A7552 /* TopGames.storyboard */,
				6172D9E5202CB496004E3A11 /* Model */,
				6172D9EE202CD446004E3A11 /* TopGames */,
			);
			path = TopGames;
			sourceTree = "<group>";
		};
		61CD16922033BFC900A8C022 /* Model */ = {
			isa = PBXGroup;
			children = (
				61CD16982033C8B100A8C022 /* FavoritesProvider.swift */,
			);
			path = Model;
			sourceTree = "<group>";
		};
		61CD16932033BFD200A8C022 /* Favorites */ = {
			isa = PBXGroup;
			children = (
				61CD169A2033D10500A8C022 /* FavoritesViewController.swift */,
				61CD169C2033D11700A8C022 /* FavoritesViewModel.swift */,
			);
			path = Favorites;
			sourceTree = "<group>";
		};
		61CD16942033C46200A8C022 /* Cells */ = {
			isa = PBXGroup;
			children = (
				61CD16952033C46700A8C022 /* TopGameCollectionCell */,
			);
			path = Cells;
			sourceTree = "<group>";
		};
		61CD16952033C46700A8C022 /* TopGameCollectionCell */ = {
			isa = PBXGroup;
			children = (
				61CD16962033C52300A8C022 /* TopGameCollectionViewCell.xib */,
				61CB7AD5202F9FFA00924E35 /* TopGameCollectionViewCell.swift */,
				61CB7AD7202FA00E00924E35 /* TopGameCollectionViewModel.swift */,
			);
			path = TopGameCollectionCell;
			sourceTree = "<group>";
		};
		61CD169E2033FBD900A8C022 /* Model */ = {
			isa = PBXGroup;
			children = (
				61CD16A4203476C400A8C022 /* GameDetailsProvider.swift */,
			);
			path = Model;
			sourceTree = "<group>";
		};
		61CD169F2033FBE300A8C022 /* GameDetails */ = {
			isa = PBXGroup;
			children = (
				61CD16A02033FC0200A8C022 /* GameDetailsViewController.swift */,
				61CD16A22033FC3F00A8C022 /* GameDetailsViewModel.swift */,
			);
			path = GameDetails;
			sourceTree = "<group>";
		};
		61DC84F7202B8AA2007A7552 /* Resources */ = {
			isa = PBXGroup;
			children = (
				6149E146202B77AB00AD77F9 /* Assets.xcassets */,
				61DC8545202C6B8B007A7552 /* LaunchScreen.storyboard */,
				61DC852D202BDECE007A7552 /* Language */,
				61DC84FC202B8F18007A7552 /* Supporting Files */,
			);
			path = Resources;
			sourceTree = "<group>";
		};
		61DC84F8202B8AAD007A7552 /* Sources */ = {
			isa = PBXGroup;
			children = (
				6149E13C202B77AB00AD77F9 /* AppDelegate.swift */,
				61DC84FD202BD502007A7552 /* Features */,
				61DC84FE202BD50B007A7552 /* Persistence */,
				61DC84FF202BD96F007A7552 /* Shared */,
			);
			path = Sources;
			sourceTree = "<group>";
		};
		61DC84FC202B8F18007A7552 /* Supporting Files */ = {
			isa = PBXGroup;
			children = (
				61A8948E20E092B800981307 /* .swiftlint.yml */,
				6149E14B202B77AB00AD77F9 /* Info.plist */,
			);
			path = "Supporting Files";
			sourceTree = "<group>";
		};
		61DC84FD202BD502007A7552 /* Features */ = {
			isa = PBXGroup;
			children = (
				61C5D0A8202CB2B6008286E3 /* Dashboard */,
				61C5D0A9202CB2BC008286E3 /* TopGames */,
				6172D9E1202CB2EE004E3A11 /* Favorites */,
				6172D9E2202CB2F7004E3A11 /* GameDetails */,
			);
			path = Features;
			sourceTree = "<group>";
		};
		61DC84FE202BD50B007A7552 /* Persistence */ = {
			isa = PBXGroup;
			children = (
				61BC24EF2033277F00B79256 /* PersistenceService.swift */,
				61AD918F20332EA600BC8115 /* KeychainService.swift */,
				6149E143202B77AB00AD77F9 /* Zap_Challenge.xcdatamodeld */,
			);
			path = Persistence;
			sourceTree = "<group>";
		};
		61DC84FF202BD96F007A7552 /* Shared */ = {
			isa = PBXGroup;
			children = (
				61CD16942033C46200A8C022 /* Cells */,
				61DC854F202C857C007A7552 /* Appearance */,
				61DC8540202BF018007A7552 /* Network */,
				61DC853F202BE8B7007A7552 /* Extensions */,
			);
			path = Shared;
			sourceTree = "<group>";
		};
		61DC852D202BDECE007A7552 /* Language */ = {
			isa = PBXGroup;
			children = (
				61DC8532202BE2A7007A7552 /* Localizable.strings */,
			);
			path = Language;
			sourceTree = "<group>";
		};
		61DC853F202BE8B7007A7552 /* Extensions */ = {
			isa = PBXGroup;
			children = (
				61CB7AD9202FA60000924E35 /* UIImageView+Utils.swift */,
				61F33D73203098DA00B31916 /* UIImage+Utils.swift */,
				61DC8517202BDBF1007A7552 /* UIViewController+Alerts.swift */,
				61DC851E202BDBF2007A7552 /* String+Localized.swift */,
				61AD919120334B7200BC8115 /* Int+Utils.swift */,
				61DC8520202BDBF3007A7552 /* UIColor+StyleKit.swift */,
				61E5C97B202DCAB600A6D2AB /* UIView+Loading.swift */,
			);
			path = Extensions;
			sourceTree = "<group>";
		};
		61DC8540202BF018007A7552 /* Network */ = {
			isa = PBXGroup;
			children = (
				61DC8541202BF025007A7552 /* ServerRequest.swift */,
				6172D9E6202CB879004E3A11 /* ServerLogger.swift */,
			);
			path = Network;
			sourceTree = "<group>";
		};
		61DC854F202C857C007A7552 /* Appearance */ = {
			isa = PBXGroup;
			children = (
				61DC8561202C85B6007A7552 /* CircularImage.swift */,
				61DC8563202C85B6007A7552 /* UIBox.swift */,
			);
			path = Appearance;
			sourceTree = "<group>";
		};
/* End PBXGroup section */

/* Begin PBXNativeTarget section */
		6149E138202B77AB00AD77F9 /* Zap-Challenge */ = {
			isa = PBXNativeTarget;
			buildConfigurationList = 6149E164202B77AC00AD77F9 /* Build configuration list for PBXNativeTarget "Zap-Challenge" */;
			buildPhases = (
				FF6E75CDE9C76443E247C771 /* [CP] Check Pods Manifest.lock */,
				6149E135202B77AB00AD77F9 /* Sources */,
				6149E136202B77AB00AD77F9 /* Frameworks */,
				6149E137202B77AB00AD77F9 /* Resources */,
				8B871C641BBE78150A1F65CF /* [CP] Embed Pods Frameworks */,
				61A8948B20E08F4600981307 /* SwiftLint Script */,
			);
			buildRules = (
			);
			dependencies = (
			);
			name = "Zap-Challenge";
			productName = "Zap-Challenge";
			productReference = 6149E139202B77AB00AD77F9 /* Zap-Challenge.app */;
			productType = "com.apple.product-type.application";
		};
		6149E14F202B77AC00AD77F9 /* Zap-ChallengeTests */ = {
			isa = PBXNativeTarget;
			buildConfigurationList = 6149E167202B77AC00AD77F9 /* Build configuration list for PBXNativeTarget "Zap-ChallengeTests" */;
			buildPhases = (
				BDB11BF1C664EF15FCCB5D17 /* [CP] Check Pods Manifest.lock */,
				6149E14C202B77AC00AD77F9 /* Sources */,
				6149E14D202B77AC00AD77F9 /* Frameworks */,
				6149E14E202B77AC00AD77F9 /* Resources */,
			);
			buildRules = (
			);
			dependencies = (
				6149E152202B77AC00AD77F9 /* PBXTargetDependency */,
			);
			name = "Zap-ChallengeTests";
			productName = "Zap-ChallengeTests";
			productReference = 6149E150202B77AC00AD77F9 /* Zap-ChallengeTests.xctest */;
			productType = "com.apple.product-type.bundle.unit-test";
		};
		6149E15A202B77AC00AD77F9 /* Zap-ChallengeUITests */ = {
			isa = PBXNativeTarget;
			buildConfigurationList = 6149E16A202B77AC00AD77F9 /* Build configuration list for PBXNativeTarget "Zap-ChallengeUITests" */;
			buildPhases = (
				11B2F6B4AC7757478D3539F8 /* [CP] Check Pods Manifest.lock */,
				6149E157202B77AC00AD77F9 /* Sources */,
				6149E158202B77AC00AD77F9 /* Frameworks */,
				6149E159202B77AC00AD77F9 /* Resources */,
			);
			buildRules = (
			);
			dependencies = (
				6149E15D202B77AC00AD77F9 /* PBXTargetDependency */,
			);
			name = "Zap-ChallengeUITests";
			productName = "Zap-ChallengeUITests";
			productReference = 6149E15B202B77AC00AD77F9 /* Zap-ChallengeUITests.xctest */;
			productType = "com.apple.product-type.bundle.ui-testing";
		};
/* End PBXNativeTarget section */

/* Begin PBXProject section */
		6149E131202B77AB00AD77F9 /* Project object */ = {
			isa = PBXProject;
			attributes = {
				LastSwiftUpdateCheck = 0920;
				LastUpgradeCheck = 0940;
				ORGANIZATIONNAME = "Michael Douglas";
				TargetAttributes = {
					6149E138202B77AB00AD77F9 = {
						CreatedOnToolsVersion = 9.2;
						ProvisioningStyle = Automatic;
					};
					6149E14F202B77AC00AD77F9 = {
						CreatedOnToolsVersion = 9.2;
						ProvisioningStyle = Automatic;
						TestTargetID = 6149E138202B77AB00AD77F9;
					};
					6149E15A202B77AC00AD77F9 = {
						CreatedOnToolsVersion = 9.2;
						ProvisioningStyle = Automatic;
						TestTargetID = 6149E138202B77AB00AD77F9;
					};
				};
			};
			buildConfigurationList = 6149E134202B77AB00AD77F9 /* Build configuration list for PBXProject "Zap-Challenge" */;
			compatibilityVersion = "Xcode 8.0";
			developmentRegion = en;
			hasScannedForEncodings = 0;
			knownRegions = (
				"pt-BR",
				en,
			);
			mainGroup = 6149E130202B77AB00AD77F9;
			productRefGroup = 6149E13A202B77AB00AD77F9 /* Products */;
			projectDirPath = "";
			projectRoot = "";
			targets = (
				6149E138202B77AB00AD77F9 /* Zap-Challenge */,
				6149E14F202B77AC00AD77F9 /* Zap-ChallengeTests */,
				6149E15A202B77AC00AD77F9 /* Zap-ChallengeUITests */,
			);
		};
/* End PBXProject section */

/* Begin PBXResourcesBuildPhase section */
		6149E137202B77AB00AD77F9 /* Resources */ = {
			isa = PBXResourcesBuildPhase;
			buildActionMask = 2147483647;
			files = (
				61A8948F20E092B800981307 /* .swiftlint.yml in Resources */,
				61DC854A202C6D12007A7552 /* TopGames.storyboard in Resources */,
				61CD16972033C52300A8C022 /* TopGameCollectionViewCell.xib in Resources */,
				61DC8546202C6B8B007A7552 /* LaunchScreen.storyboard in Resources */,
				61DC854C202C6D25007A7552 /* Favorites.storyboard in Resources */,
				61DC854E202C6D4A007A7552 /* GameDetails.storyboard in Resources */,
				61BC24EC2032783E00B79256 /* LoadingFooterCollectionView.xib in Resources */,
				61DC8530202BE2A7007A7552 /* Localizable.strings in Resources */,
				6149E147202B77AB00AD77F9 /* Assets.xcassets in Resources */,
				61DC8548202C6C06007A7552 /* Dashboard.storyboard in Resources */,
			);
			runOnlyForDeploymentPostprocessing = 0;
		};
		6149E14E202B77AC00AD77F9 /* Resources */ = {
			isa = PBXResourcesBuildPhase;
			buildActionMask = 2147483647;
			files = (
			);
			runOnlyForDeploymentPostprocessing = 0;
		};
		6149E159202B77AC00AD77F9 /* Resources */ = {
			isa = PBXResourcesBuildPhase;
			buildActionMask = 2147483647;
			files = (
			);
			runOnlyForDeploymentPostprocessing = 0;
		};
/* End PBXResourcesBuildPhase section */

/* Begin PBXShellScriptBuildPhase section */
		11B2F6B4AC7757478D3539F8 /* [CP] Check Pods Manifest.lock */ = {
			isa = PBXShellScriptBuildPhase;
			buildActionMask = 2147483647;
			files = (
			);
			inputPaths = (
				"${PODS_PODFILE_DIR_PATH}/Podfile.lock",
				"${PODS_ROOT}/Manifest.lock",
			);
			name = "[CP] Check Pods Manifest.lock";
			outputPaths = (
				"$(DERIVED_FILE_DIR)/Pods-Zap-ChallengeUITests-checkManifestLockResult.txt",
			);
			runOnlyForDeploymentPostprocessing = 0;
			shellPath = /bin/sh;
			shellScript = "diff \"${PODS_PODFILE_DIR_PATH}/Podfile.lock\" \"${PODS_ROOT}/Manifest.lock\" > /dev/null\nif [ $? != 0 ] ; then\n    # print error to STDERR\n    echo \"error: The sandbox is not in sync with the Podfile.lock. Run 'pod install' or update your CocoaPods installation.\" >&2\n    exit 1\nfi\n# This output is used by Xcode 'outputs' to avoid re-running this script phase.\necho \"SUCCESS\" > \"${SCRIPT_OUTPUT_FILE_0}\"\n";
			showEnvVarsInLog = 0;
		};
		61A8948B20E08F4600981307 /* SwiftLint Script */ = {
			isa = PBXShellScriptBuildPhase;
			buildActionMask = 2147483647;
			files = (
			);
			inputPaths = (
			);
			name = "SwiftLint Script";
			outputPaths = (
			);
			runOnlyForDeploymentPostprocessing = 0;
			shellPath = /bin/sh;
			shellScript = "\"${PODS_ROOT}/SwiftLint/swiftlint\"";
		};
		8B871C641BBE78150A1F65CF /* [CP] Embed Pods Frameworks */ = {
			isa = PBXShellScriptBuildPhase;
			buildActionMask = 2147483647;
			files = (
			);
			inputPaths = (
				"${SRCROOT}/Pods/Target Support Files/Pods-Zap-Challenge/Pods-Zap-Challenge-frameworks.sh",
				"${BUILT_PRODUCTS_DIR}/Alamofire/Alamofire.framework",
				"${BUILT_PRODUCTS_DIR}/AlamofireImage/AlamofireImage.framework",
				"${BUILT_PRODUCTS_DIR}/KeychainAccess/KeychainAccess.framework",
				"${BUILT_PRODUCTS_DIR}/ObjectMapper/ObjectMapper.framework",
				"${BUILT_PRODUCTS_DIR}/SwiftyJSON/SwiftyJSON.framework",
			);
			name = "[CP] Embed Pods Frameworks";
			outputPaths = (
				"${TARGET_BUILD_DIR}/${FRAMEWORKS_FOLDER_PATH}/Alamofire.framework",
				"${TARGET_BUILD_DIR}/${FRAMEWORKS_FOLDER_PATH}/AlamofireImage.framework",
				"${TARGET_BUILD_DIR}/${FRAMEWORKS_FOLDER_PATH}/KeychainAccess.framework",
				"${TARGET_BUILD_DIR}/${FRAMEWORKS_FOLDER_PATH}/ObjectMapper.framework",
				"${TARGET_BUILD_DIR}/${FRAMEWORKS_FOLDER_PATH}/SwiftyJSON.framework",
			);
			runOnlyForDeploymentPostprocessing = 0;
			shellPath = /bin/sh;
			shellScript = "\"${SRCROOT}/Pods/Target Support Files/Pods-Zap-Challenge/Pods-Zap-Challenge-frameworks.sh\"\n";
			showEnvVarsInLog = 0;
		};
		BDB11BF1C664EF15FCCB5D17 /* [CP] Check Pods Manifest.lock */ = {
			isa = PBXShellScriptBuildPhase;
			buildActionMask = 2147483647;
			files = (
			);
			inputPaths = (
				"${PODS_PODFILE_DIR_PATH}/Podfile.lock",
				"${PODS_ROOT}/Manifest.lock",
			);
			name = "[CP] Check Pods Manifest.lock";
			outputPaths = (
				"$(DERIVED_FILE_DIR)/Pods-Zap-ChallengeTests-checkManifestLockResult.txt",
			);
			runOnlyForDeploymentPostprocessing = 0;
			shellPath = /bin/sh;
			shellScript = "diff \"${PODS_PODFILE_DIR_PATH}/Podfile.lock\" \"${PODS_ROOT}/Manifest.lock\" > /dev/null\nif [ $? != 0 ] ; then\n    # print error to STDERR\n    echo \"error: The sandbox is not in sync with the Podfile.lock. Run 'pod install' or update your CocoaPods installation.\" >&2\n    exit 1\nfi\n# This output is used by Xcode 'outputs' to avoid re-running this script phase.\necho \"SUCCESS\" > \"${SCRIPT_OUTPUT_FILE_0}\"\n";
			showEnvVarsInLog = 0;
		};
		FF6E75CDE9C76443E247C771 /* [CP] Check Pods Manifest.lock */ = {
			isa = PBXShellScriptBuildPhase;
			buildActionMask = 2147483647;
			files = (
			);
			inputPaths = (
				"${PODS_PODFILE_DIR_PATH}/Podfile.lock",
				"${PODS_ROOT}/Manifest.lock",
			);
			name = "[CP] Check Pods Manifest.lock";
			outputPaths = (
				"$(DERIVED_FILE_DIR)/Pods-Zap-Challenge-checkManifestLockResult.txt",
			);
			runOnlyForDeploymentPostprocessing = 0;
			shellPath = /bin/sh;
			shellScript = "diff \"${PODS_PODFILE_DIR_PATH}/Podfile.lock\" \"${PODS_ROOT}/Manifest.lock\" > /dev/null\nif [ $? != 0 ] ; then\n    # print error to STDERR\n    echo \"error: The sandbox is not in sync with the Podfile.lock. Run 'pod install' or update your CocoaPods installation.\" >&2\n    exit 1\nfi\n# This output is used by Xcode 'outputs' to avoid re-running this script phase.\necho \"SUCCESS\" > \"${SCRIPT_OUTPUT_FILE_0}\"\n";
			showEnvVarsInLog = 0;
		};
/* End PBXShellScriptBuildPhase section */

/* Begin PBXSourcesBuildPhase section */
		6149E135202B77AB00AD77F9 /* Sources */ = {
			isa = PBXSourcesBuildPhase;
			buildActionMask = 2147483647;
			files = (
				61CD169D2033D11700A8C022 /* FavoritesViewModel.swift in Sources */,
				61CD16A32033FC3F00A8C022 /* GameDetailsViewModel.swift in Sources */,
				6172D9F0202CD462004E3A11 /* TopGamesViewController.swift in Sources */,
				61E5C97C202DCAB600A6D2AB /* UIView+Loading.swift in Sources */,
				6172D9E4202CB394004E3A11 /* TopGamesProvider.swift in Sources */,
				61DC852B202BDBF3007A7552 /* UIColor+StyleKit.swift in Sources */,
				6172D9E7202CB879004E3A11 /* ServerLogger.swift in Sources */,
				6172D9F2202CD474004E3A11 /* TopGamesViewModel.swift in Sources */,
				61AD919020332EA600BC8115 /* KeychainService.swift in Sources */,
				61CB7AD8202FA00E00924E35 /* TopGameCollectionViewModel.swift in Sources */,
				6172D9EB202CC896004E3A11 /* GameRank.swift in Sources */,
				61DC857C202C85B8007A7552 /* CircularImage.swift in Sources */,
				61AD919220334B7200BC8115 /* Int+Utils.swift in Sources */,
				61CB7ADA202FA60000924E35 /* UIImageView+Utils.swift in Sources */,
				6172D9ED202CD0F9004E3A11 /* Media.swift in Sources */,
				61BC018F202D15ED0035F273 /* DashboardTabBarViewModel.swift in Sources */,
				61F33D74203098DA00B31916 /* UIImage+Utils.swift in Sources */,
				6149E145202B77AB00AD77F9 /* Zap_Challenge.xcdatamodeld in Sources */,
				61BC24EB2032783E00B79256 /* LoadingFooterCollectionView.swift in Sources */,
				61CD16A5203476C400A8C022 /* GameDetailsProvider.swift in Sources */,
				61DC8529202BDBF3007A7552 /* String+Localized.swift in Sources */,
				61DC857E202C85B8007A7552 /* UIBox.swift in Sources */,
				61CD16992033C8B100A8C022 /* FavoritesProvider.swift in Sources */,
				6172D9E9202CC23D004E3A11 /* Game.swift in Sources */,
				61BC24F02033277F00B79256 /* PersistenceService.swift in Sources */,
				61CD169B2033D10500A8C022 /* FavoritesViewController.swift in Sources */,
				61BC018D202D15DB0035F273 /* DashboardTabBarViewController.swift in Sources */,
				61CD16A12033FC0200A8C022 /* GameDetailsViewController.swift in Sources */,
				61CB7AD6202F9FFA00924E35 /* TopGameCollectionViewCell.swift in Sources */,
				61DC8522202BDBF3007A7552 /* UIViewController+Alerts.swift in Sources */,
				61DC8542202BF025007A7552 /* ServerRequest.swift in Sources */,
				6149E13D202B77AB00AD77F9 /* AppDelegate.swift in Sources */,
			);
			runOnlyForDeploymentPostprocessing = 0;
		};
		6149E14C202B77AC00AD77F9 /* Sources */ = {
			isa = PBXSourcesBuildPhase;
			buildActionMask = 2147483647;
			files = (
				6149E155202B77AC00AD77F9 /* Zap_ChallengeTests.swift in Sources */,
			);
			runOnlyForDeploymentPostprocessing = 0;
		};
		6149E157202B77AC00AD77F9 /* Sources */ = {
			isa = PBXSourcesBuildPhase;
			buildActionMask = 2147483647;
			files = (
				6149E160202B77AC00AD77F9 /* Zap_ChallengeUITests.swift in Sources */,
			);
			runOnlyForDeploymentPostprocessing = 0;
		};
/* End PBXSourcesBuildPhase section */

/* Begin PBXTargetDependency section */
		6149E152202B77AC00AD77F9 /* PBXTargetDependency */ = {
			isa = PBXTargetDependency;
			target = 6149E138202B77AB00AD77F9 /* Zap-Challenge */;
			targetProxy = 6149E151202B77AC00AD77F9 /* PBXContainerItemProxy */;
		};
		6149E15D202B77AC00AD77F9 /* PBXTargetDependency */ = {
			isa = PBXTargetDependency;
			target = 6149E138202B77AB00AD77F9 /* Zap-Challenge */;
			targetProxy = 6149E15C202B77AC00AD77F9 /* PBXContainerItemProxy */;
		};
/* End PBXTargetDependency section */

/* Begin PBXVariantGroup section */
		61DC8532202BE2A7007A7552 /* Localizable.strings */ = {
			isa = PBXVariantGroup;
			children = (
				61DC8539202BE4A9007A7552 /* pt-BR */,
				61DC853A202BE4CB007A7552 /* en */,
			);
			name = Localizable.strings;
			sourceTree = "<group>";
		};
/* End PBXVariantGroup section */

/* Begin XCBuildConfiguration section */
		6149E162202B77AC00AD77F9 /* Debug */ = {
			isa = XCBuildConfiguration;
			buildSettings = {
				ALWAYS_SEARCH_USER_PATHS = NO;
				CLANG_ANALYZER_LOCALIZABILITY_NONLOCALIZED = YES;
				CLANG_ANALYZER_NONNULL = YES;
				CLANG_ANALYZER_NUMBER_OBJECT_CONVERSION = YES_AGGRESSIVE;
				CLANG_CXX_LANGUAGE_STANDARD = "gnu++14";
				CLANG_CXX_LIBRARY = "libc++";
				CLANG_ENABLE_MODULES = YES;
				CLANG_ENABLE_OBJC_ARC = YES;
				CLANG_WARN_BLOCK_CAPTURE_AUTORELEASING = YES;
				CLANG_WARN_BOOL_CONVERSION = YES;
				CLANG_WARN_COMMA = YES;
				CLANG_WARN_CONSTANT_CONVERSION = YES;
				CLANG_WARN_DEPRECATED_OBJC_IMPLEMENTATIONS = YES;
				CLANG_WARN_DIRECT_OBJC_ISA_USAGE = YES_ERROR;
				CLANG_WARN_DOCUMENTATION_COMMENTS = YES;
				CLANG_WARN_EMPTY_BODY = YES;
				CLANG_WARN_ENUM_CONVERSION = YES;
				CLANG_WARN_INFINITE_RECURSION = YES;
				CLANG_WARN_INT_CONVERSION = YES;
				CLANG_WARN_NON_LITERAL_NULL_CONVERSION = YES;
				CLANG_WARN_OBJC_IMPLICIT_RETAIN_SELF = YES;
				CLANG_WARN_OBJC_LITERAL_CONVERSION = YES;
				CLANG_WARN_OBJC_ROOT_CLASS = YES_ERROR;
				CLANG_WARN_RANGE_LOOP_ANALYSIS = YES;
				CLANG_WARN_STRICT_PROTOTYPES = YES;
				CLANG_WARN_SUSPICIOUS_MOVE = YES;
				CLANG_WARN_UNGUARDED_AVAILABILITY = YES_AGGRESSIVE;
				CLANG_WARN_UNREACHABLE_CODE = YES;
				CLANG_WARN__DUPLICATE_METHOD_MATCH = YES;
				CODE_SIGN_IDENTITY = "iPhone Developer";
				COPY_PHASE_STRIP = NO;
				DEBUG_INFORMATION_FORMAT = dwarf;
				ENABLE_STRICT_OBJC_MSGSEND = YES;
				ENABLE_TESTABILITY = YES;
				GCC_C_LANGUAGE_STANDARD = gnu11;
				GCC_DYNAMIC_NO_PIC = NO;
				GCC_NO_COMMON_BLOCKS = YES;
				GCC_OPTIMIZATION_LEVEL = 0;
				GCC_PREPROCESSOR_DEFINITIONS = (
					"DEBUG=1",
					"$(inherited)",
				);
				GCC_WARN_64_TO_32_BIT_CONVERSION = YES;
				GCC_WARN_ABOUT_RETURN_TYPE = YES_ERROR;
				GCC_WARN_UNDECLARED_SELECTOR = YES;
				GCC_WARN_UNINITIALIZED_AUTOS = YES_AGGRESSIVE;
				GCC_WARN_UNUSED_FUNCTION = YES;
				GCC_WARN_UNUSED_VARIABLE = YES;
				IPHONEOS_DEPLOYMENT_TARGET = 10.0;
				MTL_ENABLE_DEBUG_INFO = YES;
				ONLY_ACTIVE_ARCH = YES;
				SDKROOT = iphoneos;
				SWIFT_ACTIVE_COMPILATION_CONDITIONS = DEBUG;
				SWIFT_OPTIMIZATION_LEVEL = "-Onone";
			};
			name = Debug;
		};
		6149E163202B77AC00AD77F9 /* Release */ = {
			isa = XCBuildConfiguration;
			buildSettings = {
				ALWAYS_SEARCH_USER_PATHS = NO;
				CLANG_ANALYZER_LOCALIZABILITY_NONLOCALIZED = YES;
				CLANG_ANALYZER_NONNULL = YES;
				CLANG_ANALYZER_NUMBER_OBJECT_CONVERSION = YES_AGGRESSIVE;
				CLANG_CXX_LANGUAGE_STANDARD = "gnu++14";
				CLANG_CXX_LIBRARY = "libc++";
				CLANG_ENABLE_MODULES = YES;
				CLANG_ENABLE_OBJC_ARC = YES;
				CLANG_WARN_BLOCK_CAPTURE_AUTORELEASING = YES;
				CLANG_WARN_BOOL_CONVERSION = YES;
				CLANG_WARN_COMMA = YES;
				CLANG_WARN_CONSTANT_CONVERSION = YES;
				CLANG_WARN_DEPRECATED_OBJC_IMPLEMENTATIONS = YES;
				CLANG_WARN_DIRECT_OBJC_ISA_USAGE = YES_ERROR;
				CLANG_WARN_DOCUMENTATION_COMMENTS = YES;
				CLANG_WARN_EMPTY_BODY = YES;
				CLANG_WARN_ENUM_CONVERSION = YES;
				CLANG_WARN_INFINITE_RECURSION = YES;
				CLANG_WARN_INT_CONVERSION = YES;
				CLANG_WARN_NON_LITERAL_NULL_CONVERSION = YES;
				CLANG_WARN_OBJC_IMPLICIT_RETAIN_SELF = YES;
				CLANG_WARN_OBJC_LITERAL_CONVERSION = YES;
				CLANG_WARN_OBJC_ROOT_CLASS = YES_ERROR;
				CLANG_WARN_RANGE_LOOP_ANALYSIS = YES;
				CLANG_WARN_STRICT_PROTOTYPES = YES;
				CLANG_WARN_SUSPICIOUS_MOVE = YES;
				CLANG_WARN_UNGUARDED_AVAILABILITY = YES_AGGRESSIVE;
				CLANG_WARN_UNREACHABLE_CODE = YES;
				CLANG_WARN__DUPLICATE_METHOD_MATCH = YES;
				CODE_SIGN_IDENTITY = "iPhone Developer";
				COPY_PHASE_STRIP = NO;
				DEBUG_INFORMATION_FORMAT = "dwarf-with-dsym";
				ENABLE_NS_ASSERTIONS = NO;
				ENABLE_STRICT_OBJC_MSGSEND = YES;
				GCC_C_LANGUAGE_STANDARD = gnu11;
				GCC_NO_COMMON_BLOCKS = YES;
				GCC_WARN_64_TO_32_BIT_CONVERSION = YES;
				GCC_WARN_ABOUT_RETURN_TYPE = YES_ERROR;
				GCC_WARN_UNDECLARED_SELECTOR = YES;
				GCC_WARN_UNINITIALIZED_AUTOS = YES_AGGRESSIVE;
				GCC_WARN_UNUSED_FUNCTION = YES;
				GCC_WARN_UNUSED_VARIABLE = YES;
				IPHONEOS_DEPLOYMENT_TARGET = 10.0;
				MTL_ENABLE_DEBUG_INFO = NO;
				SDKROOT = iphoneos;
				SWIFT_OPTIMIZATION_LEVEL = "-Owholemodule";
				VALIDATE_PRODUCT = YES;
			};
			name = Release;
		};
		6149E165202B77AC00AD77F9 /* Debug */ = {
			isa = XCBuildConfiguration;
			baseConfigurationReference = 22E4A513D9AB33F87AC8E942 /* Pods-Zap-Challenge.debug.xcconfig */;
			buildSettings = {
				ASSETCATALOG_COMPILER_APPICON_NAME = AppIcon;
				CODE_SIGN_STYLE = Automatic;
				DEVELOPMENT_TEAM = 4Q582659G6;
				INFOPLIST_FILE = "$(SRCROOT)/Zap-Challenge/Resources/Supporting Files/Info.plist";
				IPHONEOS_DEPLOYMENT_TARGET = 10.0;
				LD_RUNPATH_SEARCH_PATHS = "$(inherited) @executable_path/Frameworks";
				PRODUCT_BUNDLE_IDENTIFIER = "com.michaeldouglas.Zap-Challenge";
				PRODUCT_NAME = "$(TARGET_NAME)";
				SWIFT_VERSION = 4.0;
				TARGETED_DEVICE_FAMILY = "1,2";
			};
			name = Debug;
		};
		6149E166202B77AC00AD77F9 /* Release */ = {
			isa = XCBuildConfiguration;
			baseConfigurationReference = 822A4DD22387428612661637 /* Pods-Zap-Challenge.release.xcconfig */;
			buildSettings = {
				ASSETCATALOG_COMPILER_APPICON_NAME = AppIcon;
				CODE_SIGN_STYLE = Automatic;
				DEVELOPMENT_TEAM = 4Q582659G6;
				INFOPLIST_FILE = "$(SRCROOT)/Zap-Challenge/Resources/Supporting Files/Info.plist";
				IPHONEOS_DEPLOYMENT_TARGET = 10.0;
				LD_RUNPATH_SEARCH_PATHS = "$(inherited) @executable_path/Frameworks";
				PRODUCT_BUNDLE_IDENTIFIER = "com.michaeldouglas.Zap-Challenge";
				PRODUCT_NAME = "$(TARGET_NAME)";
				SWIFT_VERSION = 4.0;
				TARGETED_DEVICE_FAMILY = "1,2";
			};
			name = Release;
		};
		6149E168202B77AC00AD77F9 /* Debug */ = {
			isa = XCBuildConfiguration;
			baseConfigurationReference = BD7FDCF359E35C336F27C6C0 /* Pods-Zap-ChallengeTests.debug.xcconfig */;
			buildSettings = {
				ALWAYS_EMBED_SWIFT_STANDARD_LIBRARIES = YES;
				BUNDLE_LOADER = "$(TEST_HOST)";
				CODE_SIGN_STYLE = Automatic;
				DEVELOPMENT_TEAM = 4Q582659G6;
				INFOPLIST_FILE = "Zap-ChallengeTests/Info.plist";
				LD_RUNPATH_SEARCH_PATHS = "$(inherited) @executable_path/Frameworks @loader_path/Frameworks";
				PRODUCT_BUNDLE_IDENTIFIER = "com.michaeldouglas.Zap-ChallengeTests";
				PRODUCT_NAME = "$(TARGET_NAME)";
				SWIFT_VERSION = 4.0;
				TARGETED_DEVICE_FAMILY = "1,2";
				TEST_HOST = "$(BUILT_PRODUCTS_DIR)/Zap-Challenge.app/Zap-Challenge";
			};
			name = Debug;
		};
		6149E169202B77AC00AD77F9 /* Release */ = {
			isa = XCBuildConfiguration;
			baseConfigurationReference = 58DD6E8760F0153B3523919C /* Pods-Zap-ChallengeTests.release.xcconfig */;
			buildSettings = {
				ALWAYS_EMBED_SWIFT_STANDARD_LIBRARIES = YES;
				BUNDLE_LOADER = "$(TEST_HOST)";
				CODE_SIGN_STYLE = Automatic;
				DEVELOPMENT_TEAM = 4Q582659G6;
				INFOPLIST_FILE = "Zap-ChallengeTests/Info.plist";
				LD_RUNPATH_SEARCH_PATHS = "$(inherited) @executable_path/Frameworks @loader_path/Frameworks";
				PRODUCT_BUNDLE_IDENTIFIER = "com.michaeldouglas.Zap-ChallengeTests";
				PRODUCT_NAME = "$(TARGET_NAME)";
				SWIFT_VERSION = 4.0;
				TARGETED_DEVICE_FAMILY = "1,2";
				TEST_HOST = "$(BUILT_PRODUCTS_DIR)/Zap-Challenge.app/Zap-Challenge";
			};
			name = Release;
		};
		6149E16B202B77AC00AD77F9 /* Debug */ = {
			isa = XCBuildConfiguration;
			baseConfigurationReference = 7561F8D4DA59B2F39DF949F8 /* Pods-Zap-ChallengeUITests.debug.xcconfig */;
			buildSettings = {
				ALWAYS_EMBED_SWIFT_STANDARD_LIBRARIES = YES;
				CODE_SIGN_STYLE = Automatic;
				DEVELOPMENT_TEAM = 4Q582659G6;
				INFOPLIST_FILE = "Zap-ChallengeUITests/Info.plist";
				LD_RUNPATH_SEARCH_PATHS = "$(inherited) @executable_path/Frameworks @loader_path/Frameworks";
				PRODUCT_BUNDLE_IDENTIFIER = "com.michaeldouglas.Zap-ChallengeUITests";
				PRODUCT_NAME = "$(TARGET_NAME)";
				SWIFT_VERSION = 4.0;
				TARGETED_DEVICE_FAMILY = "1,2";
				TEST_TARGET_NAME = "Zap-Challenge";
			};
			name = Debug;
		};
		6149E16C202B77AC00AD77F9 /* Release */ = {
			isa = XCBuildConfiguration;
			baseConfigurationReference = B6B3940D0B7B9F380EBC8454 /* Pods-Zap-ChallengeUITests.release.xcconfig */;
			buildSettings = {
				ALWAYS_EMBED_SWIFT_STANDARD_LIBRARIES = YES;
				CODE_SIGN_STYLE = Automatic;
				DEVELOPMENT_TEAM = 4Q582659G6;
				INFOPLIST_FILE = "Zap-ChallengeUITests/Info.plist";
				LD_RUNPATH_SEARCH_PATHS = "$(inherited) @executable_path/Frameworks @loader_path/Frameworks";
				PRODUCT_BUNDLE_IDENTIFIER = "com.michaeldouglas.Zap-ChallengeUITests";
				PRODUCT_NAME = "$(TARGET_NAME)";
				SWIFT_VERSION = 4.0;
				TARGETED_DEVICE_FAMILY = "1,2";
				TEST_TARGET_NAME = "Zap-Challenge";
			};
			name = Release;
		};
/* End XCBuildConfiguration section */

/* Begin XCConfigurationList section */
		6149E134202B77AB00AD77F9 /* Build configuration list for PBXProject "Zap-Challenge" */ = {
			isa = XCConfigurationList;
			buildConfigurations = (
				6149E162202B77AC00AD77F9 /* Debug */,
				6149E163202B77AC00AD77F9 /* Release */,
			);
			defaultConfigurationIsVisible = 0;
			defaultConfigurationName = Release;
		};
		6149E164202B77AC00AD77F9 /* Build configuration list for PBXNativeTarget "Zap-Challenge" */ = {
			isa = XCConfigurationList;
			buildConfigurations = (
				6149E165202B77AC00AD77F9 /* Debug */,
				6149E166202B77AC00AD77F9 /* Release */,
			);
			defaultConfigurationIsVisible = 0;
			defaultConfigurationName = Release;
		};
		6149E167202B77AC00AD77F9 /* Build configuration list for PBXNativeTarget "Zap-ChallengeTests" */ = {
			isa = XCConfigurationList;
			buildConfigurations = (
				6149E168202B77AC00AD77F9 /* Debug */,
				6149E169202B77AC00AD77F9 /* Release */,
			);
			defaultConfigurationIsVisible = 0;
			defaultConfigurationName = Release;
		};
		6149E16A202B77AC00AD77F9 /* Build configuration list for PBXNativeTarget "Zap-ChallengeUITests" */ = {
			isa = XCConfigurationList;
			buildConfigurations = (
				6149E16B202B77AC00AD77F9 /* Debug */,
				6149E16C202B77AC00AD77F9 /* Release */,
			);
			defaultConfigurationIsVisible = 0;
			defaultConfigurationName = Release;
		};
/* End XCConfigurationList section */

/* Begin XCVersionGroup section */
		6149E143202B77AB00AD77F9 /* Zap_Challenge.xcdatamodeld */ = {
			isa = XCVersionGroup;
			children = (
				6149E144202B77AB00AD77F9 /* Zap_Challenge.xcdatamodel */,
			);
			currentVersion = 6149E144202B77AB00AD77F9 /* Zap_Challenge.xcdatamodel */;
			path = Zap_Challenge.xcdatamodeld;
			sourceTree = "<group>";
			versionGroupType = wrapper.xcdatamodel;
		};
/* End XCVersionGroup section */
	};
	rootObject = 6149E131202B77AB00AD77F9 /* Project object */;
}
